<?xml version="1.0" encoding="utf-8"?>
<Project ToolsVersion="4.0" xmlns="http://schemas.microsoft.com/developer/msbuild/2003">
  <ItemGroup>
    <Filter Include="..">
      <UniqueIdentifier>{61705900-4DFC-870B-B6AA-880BA255880B}</UniqueIdentifier>
    </Filter>
    <Filter Include="..\..">
      <UniqueIdentifier>{CC6E590B-3883-81BC-0105-251C6DD87DED}</UniqueIdentifier>
    </Filter>
    <Filter Include="..\..\src">
      <UniqueIdentifier>{E3B2E7E4-4F1D-9C5B-985B-4D0104057AB0}</UniqueIdentifier>
    </Filter>
    <Filter Include="..\..\src\core">
      <UniqueIdentifier>{3BA99458-2777-885E-100B-F984FC7764C3}</UniqueIdentifier>
    </Filter>
    <Filter Include="..\..\src\events">
      <UniqueIdentifier>{87F585D5-73EE-A427-9C20-8AAC88788433}</UniqueIdentifier>
    </Filter>
    <Filter Include="..\..\src\graphics">
      <UniqueIdentifier>{A3063DEA-8FEA-FD3F-F84A-F892E44DE8C1}</UniqueIdentifier>
    </Filter>
    <Filter Include="..\..\src\graphics\buffers">
      <UniqueIdentifier>{3F515BDD-2B61-07AE-941A-6CCC8049F646}</UniqueIdentifier>
    </Filter>
    <Filter Include="..\..\src\graphics\cameras">
      <UniqueIdentifier>{AEB52CFC-9AC5-D8CC-037F-3DEBEFADC765}</UniqueIdentifier>
    </Filter>
    <Filter Include="..\..\src\graphics\layers">
      <UniqueIdentifier>{227C8281-8E3E-B60B-D7EE-449843F08EE9}</UniqueIdentifier>
    </Filter>
    <Filter Include="..\..\src\graphics\renderables">
      <UniqueIdentifier>{F9D583B0-E5FB-4D17-CE41-D3E2BA0673E3}</UniqueIdentifier>
    </Filter>
    <Filter Include="..\..\src\graphics\renderer">
      <UniqueIdentifier>{C90DC48F-351B-F275-BE01-EE602A0EBE2C}</UniqueIdentifier>
    </Filter>
    <Filter Include="..\..\src\imgui">
      <UniqueIdentifier>{8D1E956B-F9A9-0230-02BB-85246EC55E30}</UniqueIdentifier>
    </Filter>
    <Filter Include="..\..\src\math">
      <UniqueIdentifier>{BCE99958-A8B7-8D5E-914B-FE847DB869C3}</UniqueIdentifier>
    </Filter>
    <Filter Include="..\..\src\platform">
      <UniqueIdentifier>{B77AF76A-A35E-B8C0-0CBF-B213F8C1A242}</UniqueIdentifier>
    </Filter>
    <Filter Include="..\..\src\platform\Linux">
      <UniqueIdentifier>{169B4943-02C0-98C3-2B0B-7E53178F97E1}</UniqueIdentifier>
    </Filter>
    <Filter Include="..\..\src\platform\Windows">
      <UniqueIdentifier>{F1EBD38A-DDFB-7F5B-46B5-E47932E46EF4}</UniqueIdentifier>
    </Filter>
    <Filter Include="..\..\src\utils">
      <UniqueIdentifier>{A322726C-0FAE-DF30-18BF-622584C93B31}</UniqueIdentifier>
    </Filter>
    <Filter Include="..\stb_image">
      <UniqueIdentifier>{3BCEC097-2731-503C-D0B6-88F2BCF81BBF}</UniqueIdentifier>
    </Filter>
  </ItemGroup>
  <ItemGroup>
    <ClInclude Include="..\..\src\core\Core.h">
      <Filter>..\..\src\core</Filter>
    </ClInclude>
    <ClInclude Include="..\..\src\core\EntryPoint.h">
      <Filter>..\..\src\core</Filter>
    </ClInclude>
    <ClInclude Include="..\..\src\core\KevEngine.h">
      <Filter>..\..\src\core</Filter>
    </ClInclude>
    <ClInclude Include="..\..\src\core\KevInput.h">
      <Filter>..\..\src\core</Filter>
    </ClInclude>
    <ClInclude Include="..\..\src\events\Event.h">
      <Filter>..\..\src\events</Filter>
    </ClInclude>
    <ClInclude Include="..\..\src\events\InputCodes.h">
      <Filter>..\..\src\events</Filter>
    </ClInclude>
    <ClInclude Include="..\..\src\events\KeyEvent.h">
      <Filter>..\..\src\events</Filter>
    </ClInclude>
    <ClInclude Include="..\..\src\events\MouseEvent.h">
      <Filter>..\..\src\events</Filter>
    </ClInclude>
    <ClInclude Include="..\..\src\events\WindowEvent.h">
      <Filter>..\..\src\events</Filter>
    </ClInclude>
    <ClInclude Include="..\..\src\graphics\FontManager.h">
      <Filter>..\..\src\graphics</Filter>
    </ClInclude>
    <ClInclude Include="..\..\src\graphics\RenderableManager.h">
      <Filter>..\..\src\graphics</Filter>
    </ClInclude>
    <ClInclude Include="..\..\src\graphics\ShaderManager.h">
      <Filter>..\..\src\graphics</Filter>
    </ClInclude>
    <ClInclude Include="..\..\src\graphics\TextureManager.h">
      <Filter>..\..\src\graphics</Filter>
    </ClInclude>
    <ClInclude Include="..\..\src\graphics\Window.h">
      <Filter>..\..\src\graphics</Filter>
    </ClInclude>
    <ClInclude Include="..\..\src\graphics\buffers\Buffer.h">
      <Filter>..\..\src\graphics\buffers</Filter>
    </ClInclude>
    <ClInclude Include="..\..\src\graphics\buffers\IndexBuffer.h">
      <Filter>..\..\src\graphics\buffers</Filter>
    </ClInclude>
    <ClInclude Include="..\..\src\graphics\buffers\VertexArray.h">
      <Filter>..\..\src\graphics\buffers</Filter>
    </ClInclude>
    <ClInclude Include="..\..\src\graphics\cameras\FollowRenderableCamera.h">
      <Filter>..\..\src\graphics\cameras</Filter>
    </ClInclude>
    <ClInclude Include="..\..\src\graphics\cameras\OrthographicCamera.h">
      <Filter>..\..\src\graphics\cameras</Filter>
    </ClInclude>
    <ClInclude Include="..\..\src\graphics\cameras\OrthographicCameraController.h">
      <Filter>..\..\src\graphics\cameras</Filter>
    </ClInclude>
    <ClInclude Include="..\..\src\graphics\layers\Group.h">
      <Filter>..\..\src\graphics\layers</Filter>
    </ClInclude>
    <ClInclude Include="..\..\src\graphics\layers\Layer.h">
      <Filter>..\..\src\graphics\layers</Filter>
    </ClInclude>
    <ClInclude Include="..\..\src\graphics\layers\LayerStack.h">
      <Filter>..\..\src\graphics\layers</Filter>
    </ClInclude>
    <ClInclude Include="..\..\src\graphics\renderables\Label.h">
      <Filter>..\..\src\graphics\renderables</Filter>
    </ClInclude>
    <ClInclude Include="..\..\src\graphics\renderables\Renderable2D.h">
      <Filter>..\..\src\graphics\renderables</Filter>
    </ClInclude>
    <ClInclude Include="..\..\src\graphics\renderables\Sprite2D.h">
      <Filter>..\..\src\graphics\renderables</Filter>
    </ClInclude>
    <ClInclude Include="..\..\src\graphics\renderer\GL2DRenderer.h">
      <Filter>..\..\src\graphics\renderer</Filter>
    </ClInclude>
    <ClInclude Include="..\..\src\graphics\renderer\GLContext.h">
      <Filter>..\..\src\graphics\renderer</Filter>
    </ClInclude>
    <ClInclude Include="..\..\src\graphics\renderer\Kev2DRenderer.h">
      <Filter>..\..\src\graphics\renderer</Filter>
    </ClInclude>
    <ClInclude Include="..\..\src\graphics\renderer\ShaderProgram.h">
      <Filter>..\..\src\graphics\renderer</Filter>
    </ClInclude>
    <ClInclude Include="..\..\src\graphics\renderer\TextureProgram.h">
      <Filter>..\..\src\graphics\renderer</Filter>
    </ClInclude>
    <ClInclude Include="..\..\src\imgui\ImGuiLayer.h">
      <Filter>..\..\src\imgui</Filter>
    </ClInclude>
    <ClInclude Include="..\..\src\math\mat2.h">
      <Filter>..\..\src\math</Filter>
    </ClInclude>
    <ClInclude Include="..\..\src\math\mat2f.h">
      <Filter>..\..\src\math</Filter>
    </ClInclude>
    <ClInclude Include="..\..\src\math\mat4.h">
      <Filter>..\..\src\math</Filter>
    </ClInclude>
    <ClInclude Include="..\..\src\math\mat4f.h">
      <Filter>..\..\src\math</Filter>
    </ClInclude>
    <ClInclude Include="..\..\src\math\math.h">
      <Filter>..\..\src\math</Filter>
    </ClInclude>
    <ClInclude Include="..\..\src\math\vec2.h">
      <Filter>..\..\src\math</Filter>
    </ClInclude>
    <ClInclude Include="..\..\src\math\vec2f.h">
      <Filter>..\..\src\math</Filter>
    </ClInclude>
    <ClInclude Include="..\..\src\math\vec2u.h">
      <Filter>..\..\src\math</Filter>
    </ClInclude>
    <ClInclude Include="..\..\src\math\vec3.h">
      <Filter>..\..\src\math</Filter>
    </ClInclude>
    <ClInclude Include="..\..\src\math\vec3f.h">
      <Filter>..\..\src\math</Filter>
    </ClInclude>
    <ClInclude Include="..\..\src\math\vec4.h">
      <Filter>..\..\src\math</Filter>
    </ClInclude>
    <ClInclude Include="..\..\src\math\vec4f.h">
      <Filter>..\..\src\math</Filter>
    </ClInclude>
    <ClInclude Include="..\..\src\platform\Linux\LinuxWindow.h">
      <Filter>..\..\src\platform\Linux</Filter>
    </ClInclude>
    <ClInclude Include="..\..\src\platform\Windows\HotSwapInterface.h">
      <Filter>..\..\src\platform\Windows</Filter>
    </ClInclude>
    <ClInclude Include="..\..\src\platform\Windows\WindowsWindow.h">
      <Filter>..\..\src\platform\Windows</Filter>
    </ClInclude>
    <ClInclude Include="..\..\src\test.h">
      <Filter>..\..\src</Filter>
    </ClInclude>
    <ClInclude Include="..\..\src\utils\FileIO.h">
      <Filter>..\..\src\utils</Filter>
    </ClInclude>
    <ClInclude Include="..\..\src\utils\Logging.h">
      <Filter>..\..\src\utils</Filter>
    </ClInclude>
    <ClInclude Include="..\..\src\utils\Timer.h">
      <Filter>..\..\src\utils</Filter>
    </ClInclude>
    <ClInclude Include="..\..\src\utils\commonTypes.h">
      <Filter>..\..\src\utils</Filter>
    </ClInclude>
  </ItemGroup>
  <ItemGroup>
    <ClCompile Include="..\..\src\core\KevEngine.cpp">
      <Filter>..\..\src\core</Filter>
    </ClCompile>
    <ClCompile Include="..\..\src\core\KevInput.cpp">
      <Filter>..\..\src\core</Filter>
    </ClCompile>
    <ClCompile Include="..\..\src\graphics\FontManager.cpp">
      <Filter>..\..\src\graphics</Filter>
    </ClCompile>
    <ClCompile Include="..\..\src\graphics\RenderableManager.cpp">
      <Filter>..\..\src\graphics</Filter>
    </ClCompile>
    <ClCompile Include="..\..\src\graphics\ShaderManager.cpp">
      <Filter>..\..\src\graphics</Filter>
    </ClCompile>
    <ClCompile Include="..\..\src\graphics\TextureManager.cpp">
      <Filter>..\..\src\graphics</Filter>
    </ClCompile>
    <ClCompile Include="..\..\src\graphics\Window.cpp">
      <Filter>..\..\src\graphics</Filter>
    </ClCompile>
    <ClCompile Include="..\..\src\graphics\buffers\Buffer.cpp">
      <Filter>..\..\src\graphics\buffers</Filter>
    </ClCompile>
    <ClCompile Include="..\..\src\graphics\buffers\IndexBuffer.cpp">
      <Filter>..\..\src\graphics\buffers</Filter>
    </ClCompile>
    <ClCompile Include="..\..\src\graphics\buffers\VertexArray.cpp">
      <Filter>..\..\src\graphics\buffers</Filter>
    </ClCompile>
    <ClCompile Include="..\..\src\graphics\cameras\FollowRenderableCamera.cpp">
      <Filter>..\..\src\graphics\cameras</Filter>
    </ClCompile>
    <ClCompile Include="..\..\src\graphics\cameras\OrthographicCamera.cpp">
      <Filter>..\..\src\graphics\cameras</Filter>
    </ClCompile>
    <ClCompile Include="..\..\src\graphics\cameras\OrthographicCameraController.cpp">
      <Filter>..\..\src\graphics\cameras</Filter>
    </ClCompile>
    <ClCompile Include="..\..\src\graphics\layers\Group.cpp">
      <Filter>..\..\src\graphics\layers</Filter>
    </ClCompile>
    <ClCompile Include="..\..\src\graphics\layers\Layer.cpp">
      <Filter>..\..\src\graphics\layers</Filter>
    </ClCompile>
    <ClCompile Include="..\..\src\graphics\layers\LayerStack.cpp">
      <Filter>..\..\src\graphics\layers</Filter>
    </ClCompile>
    <ClCompile Include="..\..\src\graphics\renderables\Label.cpp">
      <Filter>..\..\src\graphics\renderables</Filter>
    </ClCompile>
    <ClCompile Include="..\..\src\graphics\renderables\Sprite2D.cpp">
      <Filter>..\..\src\graphics\renderables</Filter>
    </ClCompile>
    <ClCompile Include="..\..\src\graphics\renderer\GLContext.cpp">
      <Filter>..\..\src\graphics\renderer</Filter>
    </ClCompile>
    <ClCompile Include="..\..\src\graphics\renderer\Kev2DRenderer.cpp">
      <Filter>..\..\src\graphics\renderer</Filter>
    </ClCompile>
    <ClCompile Include="..\..\src\graphics\renderer\ShaderProgram.cpp">
      <Filter>..\..\src\graphics\renderer</Filter>
    </ClCompile>
    <ClCompile Include="..\..\src\graphics\renderer\TextureProgram.cpp">
      <Filter>..\..\src\graphics\renderer</Filter>
    </ClCompile>
    <ClCompile Include="..\..\src\imgui\ImGuiBuild.cpp">
      <Filter>..\..\src\imgui</Filter>
    </ClCompile>
    <ClCompile Include="..\..\src\imgui\ImGuiLayer.cpp">
      <Filter>..\..\src\imgui</Filter>
    </ClCompile>
    <ClCompile Include="..\..\src\math\mat2.cpp">
      <Filter>..\..\src\math</Filter>
    </ClCompile>
    <ClCompile Include="..\..\src\math\mat2f.cpp">
      <Filter>..\..\src\math</Filter>
    </ClCompile>
    <ClCompile Include="..\..\src\math\mat4.cpp">
      <Filter>..\..\src\math</Filter>
    </ClCompile>
    <ClCompile Include="..\..\src\math\mat4f.cpp">
      <Filter>..\..\src\math</Filter>
    </ClCompile>
    <ClCompile Include="..\..\src\math\vec2.cpp">
      <Filter>..\..\src\math</Filter>
    </ClCompile>
    <ClCompile Include="..\..\src\math\vec2f.cpp">
      <Filter>..\..\src\math</Filter>
    </ClCompile>
    <ClCompile Include="..\..\src\math\vec2u.cpp">
      <Filter>..\..\src\math</Filter>
    </ClCompile>
    <ClCompile Include="..\..\src\math\vec3.cpp">
      <Filter>..\..\src\math</Filter>
    </ClCompile>
    <ClCompile Include="..\..\src\math\vec3f.cpp">
      <Filter>..\..\src\math</Filter>
    </ClCompile>
    <ClCompile Include="..\..\src\math\vec4.cpp">
      <Filter>..\..\src\math</Filter>
    </ClCompile>
    <ClCompile Include="..\..\src\math\vec4f.cpp">
      <Filter>..\..\src\math</Filter>
    </ClCompile>
    <ClCompile Include="..\..\src\platform\Linux\LinuxWindow.cpp">
      <Filter>..\..\src\platform\Linux</Filter>
    </ClCompile>
    <ClCompile Include="..\..\src\platform\Windows\WindowsWindow.cpp">
      <Filter>..\..\src\platform\Windows</Filter>
    </ClCompile>
    <ClCompile Include="..\..\src\utils\FileIO.cpp">
      <Filter>..\..\src\utils</Filter>
    </ClCompile>
    <ClCompile Include="..\stb_image\stb_image.cpp">
      <Filter>..\stb_image</Filter>
    </ClCompile>
    <ClCompile Include="texture-atlas.c" />
    <ClCompile Include="texture-font.c" />
    <ClCompile Include="vector.c" />
  </ItemGroup>
</Project>