<?xml version="1.0" encoding="utf-8"?>
<Project ToolsVersion="4.0" xmlns="http://schemas.microsoft.com/developer/msbuild/2003">
  <ItemGroup>
    <Filter Include="ext">
      <UniqueIdentifier>{7670880B-E279-887C-6BF5-9E7CD7FD937C}</UniqueIdentifier>
    </Filter>
    <Filter Include="ext\glfw">
      <UniqueIdentifier>{F5FD1BD9-E1CA-76E4-0AE4-648CF60FAC72}</UniqueIdentifier>
    </Filter>
    <Filter Include="ext\glfw\src">
      <UniqueIdentifier>{8CAE3FE2-7811-CF86-2197-073D0DD99A09}</UniqueIdentifier>
    </Filter>
    <Filter Include="src">
      <UniqueIdentifier>{2DAB880B-99B4-887C-2230-9F7C8E38947C}</UniqueIdentifier>
    </Filter>
  </ItemGroup>
  <ItemGroup>
    <ClCompile Include="ext\glfw\src\osmesa_context.c">
      <Filter>ext\glfw\src</Filter>
    </ClCompile>
    <ClCompile Include="ext\glfw\src\wgl_context.c">
      <Filter>ext\glfw\src</Filter>
    </ClCompile>
    <ClCompile Include="ext\glfw\src\win32_init.c">
      <Filter>ext\glfw\src</Filter>
    </ClCompile>
    <ClCompile Include="ext\glfw\src\win32_joystick.c">
      <Filter>ext\glfw\src</Filter>
    </ClCompile>
    <ClCompile Include="ext\glfw\src\win32_monitor.c">
      <Filter>ext\glfw\src</Filter>
    </ClCompile>
    <ClCompile Include="ext\glfw\src\win32_thread.c">
      <Filter>ext\glfw\src</Filter>
    </ClCompile>
    <ClCompile Include="ext\glfw\src\win32_time.c">
      <Filter>ext\glfw\src</Filter>
    </ClCompile>
    <ClCompile Include="ext\glfw\src\win32_window.c">
      <Filter>ext\glfw\src</Filter>
    </ClCompile>
    <ClCompile Include="src\context.c">
      <Filter>src</Filter>
    </ClCompile>
    <ClCompile Include="src\egl_context.c">
      <Filter>src</Filter>
    </ClCompile>
    <ClCompile Include="src\glfw_window.c">
      <Filter>src</Filter>
    </ClCompile>
    <ClCompile Include="src\init.c">
      <Filter>src</Filter>
    </ClCompile>
    <ClCompile Include="src\input.c">
      <Filter>src</Filter>
    </ClCompile>
    <ClCompile Include="src\monitor.c">
      <Filter>src</Filter>
    </ClCompile>
    <ClCompile Include="src\vulkan.c">
      <Filter>src</Filter>
    </ClCompile>
  </ItemGroup>
</Project>