// !$*UTF8*$!
{
	archiveVersion = 1;
	classes = {
	};
	objectVersion = 46;
	objects = {

/* Begin PBXBuildFile section */
		199F9655048BBC474C718495 /* bdf.c in Sources */ = {isa = PBXBuildFile; fileRef = DBA80BDD7FFAA98F9232F21D /* bdf.c */; };
		1BD813E24412CC942BAE5A22 /* sfnt.c in Sources */ = {isa = PBXBuildFile; fileRef = DD92C28A4F1DDAFCFE1F00CA /* sfnt.c */; };
		302807FA622152ACDC008E3A /* ftbitmap.c in Sources */ = {isa = PBXBuildFile; fileRef = 6AB87B22C145E59499BEF962 /* ftbitmap.c */; };
		6B30E94A9D2A33FC17096F8A /* ftsystem.c in Sources */ = {isa = PBXBuildFile; fileRef = A56DFF72FBFB69E4D4747DB2 /* ftsystem.c */; };
		6C3784B62FA346686E46EAF6 /* ftbase.c in Sources */ = {isa = PBXBuildFile; fileRef = 36389C1E2F9E9D902339FA5E /* ftbase.c */; };
		858A11D753AD6589DABBB817 /* truetype.c in Sources */ = {isa = PBXBuildFile; fileRef = DA336C9F3574C01108CF0ADF /* truetype.c */; };
		86097DDCB802C88E31E2041C /* ftlcdfil.c in Sources */ = {isa = PBXBuildFile; fileRef = 43769DE49A040856727D1C24 /* ftlcdfil.c */; };
		8ADA68564E462A088CE9CE96 /* ftbbox.c in Sources */ = {isa = PBXBuildFile; fileRef = 8A5575BE83BB77307756D3FE /* ftbbox.c */; };
		8CC18DE8DA24841A50438428 /* ftglyph.c in Sources */ = {isa = PBXBuildFile; fileRef = A36984308E55AA22D63B7270 /* ftglyph.c */; };
		8E2AD9CEDB8DD00051ACD00E /* ftdebug.c in Sources */ = {isa = PBXBuildFile; fileRef = 3B4688B62632AEA86E1876F6 /* ftdebug.c */; };
		A15D6D95D356B8474D35F3D5 /* winfnt.c in Sources */ = {isa = PBXBuildFile; fileRef = C7496FDD1DD6DA4FF64FEE1D /* winfnt.c */; };
		D96B28E89CD6EA9ADB7A8F28 /* ftinit.c in Sources */ = {isa = PBXBuildFile; fileRef = D8B90430D21F05A2C5BA6270 /* ftinit.c */; };
		E8DAADFF363DA431AC5CA43F /* smooth.c in Sources */ = {isa = PBXBuildFile; fileRef = CE3E6DC7B92A93B901105C07 /* smooth.c */; };
		FD3A91702F33DC22A91317B0 /* ftstroke.c in Sources */ = {isa = PBXBuildFile; fileRef = 7A790638D10670AAA97F8478 /* ftstroke.c */; };
/* End PBXBuildFile section */

/* Begin PBXFileReference section */
		36389C1E2F9E9D902339FA5E /* ftbase.c */ = {isa = PBXFileReference; lastKnownFileType = sourcecode.c.c; name = ftbase.c; path = src/base/ftbase.c; sourceTree = "<group>"; };
		3B4688B62632AEA86E1876F6 /* ftdebug.c */ = {isa = PBXFileReference; lastKnownFileType = sourcecode.c.c; name = ftdebug.c; path = src/base/ftdebug.c; sourceTree = "<group>"; };
		43769DE49A040856727D1C24 /* ftlcdfil.c */ = {isa = PBXFileReference; lastKnownFileType = sourcecode.c.c; name = ftlcdfil.c; path = src/base/ftlcdfil.c; sourceTree = "<group>"; };
		5E490393755B9EC5657799D3 /* libfreetype.a */ = {isa = PBXFileReference; explicitFileType = archive.ar; includeInIndex = 0; name = libfreetype.a; path = libfreetype.a; sourceTree = BUILT_PRODUCTS_DIR; };
		6AB87B22C145E59499BEF962 /* ftbitmap.c */ = {isa = PBXFileReference; lastKnownFileType = sourcecode.c.c; name = ftbitmap.c; path = src/base/ftbitmap.c; sourceTree = "<group>"; };
		7A790638D10670AAA97F8478 /* ftstroke.c */ = {isa = PBXFileReference; lastKnownFileType = sourcecode.c.c; name = ftstroke.c; path = src/base/ftstroke.c; sourceTree = "<group>"; };
		8A5575BE83BB77307756D3FE /* ftbbox.c */ = {isa = PBXFileReference; lastKnownFileType = sourcecode.c.c; name = ftbbox.c; path = src/base/ftbbox.c; sourceTree = "<group>"; };
		A36984308E55AA22D63B7270 /* ftglyph.c */ = {isa = PBXFileReference; lastKnownFileType = sourcecode.c.c; name = ftglyph.c; path = src/base/ftglyph.c; sourceTree = "<group>"; };
		A56DFF72FBFB69E4D4747DB2 /* ftsystem.c */ = {isa = PBXFileReference; lastKnownFileType = sourcecode.c.c; name = ftsystem.c; path = src/base/ftsystem.c; sourceTree = "<group>"; };
		C7496FDD1DD6DA4FF64FEE1D /* winfnt.c */ = {isa = PBXFileReference; lastKnownFileType = sourcecode.c.c; name = winfnt.c; path = src/winfonts/winfnt.c; sourceTree = "<group>"; };
		CE3E6DC7B92A93B901105C07 /* smooth.c */ = {isa = PBXFileReference; lastKnownFileType = sourcecode.c.c; name = smooth.c; path = src/smooth/smooth.c; sourceTree = "<group>"; };
		D8B90430D21F05A2C5BA6270 /* ftinit.c */ = {isa = PBXFileReference; lastKnownFileType = sourcecode.c.c; name = ftinit.c; path = src/base/ftinit.c; sourceTree = "<group>"; };
		DA336C9F3574C01108CF0ADF /* truetype.c */ = {isa = PBXFileReference; lastKnownFileType = sourcecode.c.c; name = truetype.c; path = src/truetype/truetype.c; sourceTree = "<group>"; };
		DBA80BDD7FFAA98F9232F21D /* bdf.c */ = {isa = PBXFileReference; lastKnownFileType = sourcecode.c.c; name = bdf.c; path = src/bdf/bdf.c; sourceTree = "<group>"; };
		DD92C28A4F1DDAFCFE1F00CA /* sfnt.c */ = {isa = PBXFileReference; lastKnownFileType = sourcecode.c.c; name = sfnt.c; path = src/sfnt/sfnt.c; sourceTree = "<group>"; };
/* End PBXFileReference section */

/* Begin PBXFrameworksBuildPhase section */
		0C5A27830FCAF9B591379DC3 /* Frameworks */ = {
			isa = PBXFrameworksBuildPhase;
			buildActionMask = 2147483647;
			files = (
			);
			runOnlyForDeploymentPostprocessing = 0;
		};
/* End PBXFrameworksBuildPhase section */

/* Begin PBXGroup section */
		21AB85BECE0E45F08C96BBFE /* sfnt */ = {
			isa = PBXGroup;
			children = (
				DD92C28A4F1DDAFCFE1F00CA /* sfnt.c */,
			);
			name = sfnt;
			sourceTree = "<group>";
		};
		37C111BCDB0C9AEEF5DD67FC /* smooth */ = {
			isa = PBXGroup;
			children = (
				CE3E6DC7B92A93B901105C07 /* smooth.c */,
			);
			name = smooth;
			sourceTree = "<group>";
		};
		66C99B6052BAA712A4F241A0 /* bdf */ = {
			isa = PBXGroup;
			children = (
				DBA80BDD7FFAA98F9232F21D /* bdf.c */,
			);
			name = bdf;
			sourceTree = "<group>";
		};
		7CC6777E292937B0E7B1ADBE /* base */ = {
			isa = PBXGroup;
			children = (
				36389C1E2F9E9D902339FA5E /* ftbase.c */,
				8A5575BE83BB77307756D3FE /* ftbbox.c */,
				6AB87B22C145E59499BEF962 /* ftbitmap.c */,
				3B4688B62632AEA86E1876F6 /* ftdebug.c */,
				A36984308E55AA22D63B7270 /* ftglyph.c */,
				D8B90430D21F05A2C5BA6270 /* ftinit.c */,
				43769DE49A040856727D1C24 /* ftlcdfil.c */,
				7A790638D10670AAA97F8478 /* ftstroke.c */,
				A56DFF72FBFB69E4D4747DB2 /* ftsystem.c */,
			);
			name = base;
			sourceTree = "<group>";
		};
		93775C4C96E82E7E1854D28C /* truetype */ = {
			isa = PBXGroup;
			children = (
				DA336C9F3574C01108CF0ADF /* truetype.c */,
			);
			name = truetype;
			sourceTree = "<group>";
		};
		A6C936B49B3FADE6EA134CF4 /* Products */ = {
			isa = PBXGroup;
			children = (
				5E490393755B9EC5657799D3 /* libfreetype.a */,
			);
			name = Products;
			sourceTree = "<group>";
		};
		A7D71AF8AB47ED2A2CB49138 /* winfonts */ = {
			isa = PBXGroup;
			children = (
				C7496FDD1DD6DA4FF64FEE1D /* winfnt.c */,
			);
			name = winfonts;
			sourceTree = "<group>";
		};
		CEB36CE4C329E41611FD8324 /* freetype */ = {
			isa = PBXGroup;
			children = (
				7CC6777E292937B0E7B1ADBE /* base */,
				66C99B6052BAA712A4F241A0 /* bdf */,
				21AB85BECE0E45F08C96BBFE /* sfnt */,
				37C111BCDB0C9AEEF5DD67FC /* smooth */,
				93775C4C96E82E7E1854D28C /* truetype */,
				A7D71AF8AB47ED2A2CB49138 /* winfonts */,
				A6C936B49B3FADE6EA134CF4 /* Products */,
			);
			name = freetype;
			sourceTree = "<group>";
		};
/* End PBXGroup section */

/* Begin PBXNativeTarget section */
		B7653519B818320B2BFA0359 /* freetype */ = {
			isa = PBXNativeTarget;
			buildConfigurationList = FA956FE2FE0642147F72E622 /* Build configuration list for PBXNativeTarget "freetype" */;
			buildPhases = (
				7C41A8237FB27A55011F1E63 /* Resources */,
				E5EEC17AE95F93AC6ACC37BA /* Sources */,
				0C5A27830FCAF9B591379DC3 /* Frameworks */,
			);
			buildRules = (
			);
			dependencies = (
			);
			name = freetype;
			productName = freetype;
			productReference = 5E490393755B9EC5657799D3 /* libfreetype.a */;
			productType = "com.apple.product-type.library.static";
		};
/* End PBXNativeTarget section */

/* Begin PBXProject section */
		08FB7793FE84155DC02AAC07 /* Project object */ = {
			isa = PBXProject;
			buildConfigurationList = 1DEB928908733DD80010E9CD /* Build configuration list for PBXProject "freetype" */;
			compatibilityVersion = "Xcode 3.2";
			hasScannedForEncodings = 1;
			mainGroup = CEB36CE4C329E41611FD8324 /* freetype */;
			projectDirPath = "";
			projectRoot = "";
			targets = (
				B7653519B818320B2BFA0359 /* libfreetype.a */,
			);
		};
/* End PBXProject section */

/* Begin PBXResourcesBuildPhase section */
		7C41A8237FB27A55011F1E63 /* Resources */ = {
			isa = PBXResourcesBuildPhase;
			buildActionMask = 2147483647;
			files = (
			);
			runOnlyForDeploymentPostprocessing = 0;
		};
/* End PBXResourcesBuildPhase section */

/* Begin PBXSourcesBuildPhase section */
		E5EEC17AE95F93AC6ACC37BA /* Sources */ = {
			isa = PBXSourcesBuildPhase;
			buildActionMask = 2147483647;
			files = (
				6C3784B62FA346686E46EAF6 /* ftbase.c in Sources */,
				8ADA68564E462A088CE9CE96 /* ftbbox.c in Sources */,
				302807FA622152ACDC008E3A /* ftbitmap.c in Sources */,
				8E2AD9CEDB8DD00051ACD00E /* ftdebug.c in Sources */,
				8CC18DE8DA24841A50438428 /* ftglyph.c in Sources */,
				D96B28E89CD6EA9ADB7A8F28 /* ftinit.c in Sources */,
				86097DDCB802C88E31E2041C /* ftlcdfil.c in Sources */,
				FD3A91702F33DC22A91317B0 /* ftstroke.c in Sources */,
				6B30E94A9D2A33FC17096F8A /* ftsystem.c in Sources */,
				199F9655048BBC474C718495 /* bdf.c in Sources */,
				1BD813E24412CC942BAE5A22 /* sfnt.c in Sources */,
				E8DAADFF363DA431AC5CA43F /* smooth.c in Sources */,
				858A11D753AD6589DABBB817 /* truetype.c in Sources */,
				A15D6D95D356B8474D35F3D5 /* winfnt.c in Sources */,
			);
			runOnlyForDeploymentPostprocessing = 0;
		};
/* End PBXSourcesBuildPhase section */

/* Begin PBXVariantGroup section */
/* End PBXVariantGroup section */

/* Begin XCBuildConfiguration section */
		08DA0CA2CC45CE540AE972E2 /* Release */ = {
			isa = XCBuildConfiguration;
			buildSettings = {
				ALWAYS_SEARCH_USER_PATHS = NO;
				CONFIGURATION_BUILD_DIR = bin/Release/macosx/freetype;
				DEBUG_INFORMATION_FORMAT = "dwarf-with-dsym";
				GCC_DYNAMIC_NO_PIC = NO;
				INSTALL_PATH = /usr/local/lib;
				PRODUCT_NAME = freetype;
			};
			name = Release;
		};
		10DE67A832AA14DA6F5F3DE8 /* Debug */ = {
			isa = XCBuildConfiguration;
			buildSettings = {
				ALWAYS_SEARCH_USER_PATHS = NO;
				CONFIGURATION_BUILD_DIR = bin/Debug/macosx/freetype;
				DEBUG_INFORMATION_FORMAT = "dwarf-with-dsym";
				GCC_DYNAMIC_NO_PIC = NO;
				INSTALL_PATH = /usr/local/lib;
				PRODUCT_NAME = freetype;
			};
			name = Debug;
		};
		859AC0EDB44114DF0D826F2D /* Release */ = {
			isa = XCBuildConfiguration;
			buildSettings = {
				ARCHS = "$(NATIVE_ARCH_ACTUAL)";
				CONFIGURATION_BUILD_DIR = "$(SYMROOT)";
				CONFIGURATION_TEMP_DIR = "$(OBJROOT)";
				GCC_OPTIMIZATION_LEVEL = 3;
				GCC_PREPROCESSOR_DEFINITIONS = (
					FT2_BUILD_LIBRARY,
					_LIBS_SUPPLIED,
				);
				GCC_SYMBOLS_PRIVATE_EXTERN = NO;
				GCC_WARN_ABOUT_RETURN_TYPE = YES;
				GCC_WARN_UNUSED_VARIABLE = YES;
				HEADER_SEARCH_PATHS = (
					include,
					"$(inherited)",
				);
				OBJROOT = "bin-int/Release/macosx/freetype";
				ONLY_ACTIVE_ARCH = NO;
				SYMROOT = bin/Release/macosx/freetype;
			};
			name = Release;
		};
		CDD39DF3DA904D654F7ABC33 /* Debug */ = {
			isa = XCBuildConfiguration;
			buildSettings = {
				ARCHS = "$(NATIVE_ARCH_ACTUAL)";
				CONFIGURATION_BUILD_DIR = "$(SYMROOT)";
				CONFIGURATION_TEMP_DIR = "$(OBJROOT)";
				COPY_PHASE_STRIP = NO;
				GCC_ENABLE_FIX_AND_CONTINUE = YES;
				GCC_OPTIMIZATION_LEVEL = 0;
				GCC_PREPROCESSOR_DEFINITIONS = (
					FT2_BUILD_LIBRARY,
					_LIBS_SUPPLIED,
				);
				GCC_SYMBOLS_PRIVATE_EXTERN = NO;
				GCC_WARN_ABOUT_RETURN_TYPE = YES;
				GCC_WARN_UNUSED_VARIABLE = YES;
				HEADER_SEARCH_PATHS = (
					include,
					"$(inherited)",
				);
				OBJROOT = "bin-int/Debug/macosx/freetype";
				ONLY_ACTIVE_ARCH = YES;
				SYMROOT = bin/Debug/macosx/freetype;
			};
			name = Debug;
		};
/* End XCBuildConfiguration section */

/* Begin XCConfigurationList section */
		1DEB928908733DD80010E9CD /* Build configuration list for PBXProject "freetype" */ = {
			isa = XCConfigurationList;
			buildConfigurations = (
				CDD39DF3DA904D654F7ABC33 /* Debug */,
				859AC0EDB44114DF0D826F2D /* Release */,
			);
			defaultConfigurationIsVisible = 0;
			defaultConfigurationName = Debug;
		};
		FA956FE2FE0642147F72E622 /* Build configuration list for PBXNativeTarget "libfreetype.a" */ = {
			isa = XCConfigurationList;
			buildConfigurations = (
				10DE67A832AA14DA6F5F3DE8 /* Debug */,
				08DA0CA2CC45CE540AE972E2 /* Release */,
			);
			defaultConfigurationIsVisible = 0;
			defaultConfigurationName = Debug;
		};
/* End XCConfigurationList section */
};
rootObject = 08FB7793FE84155DC02AAC07 /* Project object */;
}