// !$*UTF8*$!
{
	archiveVersion = 1;
	classes = {
	};
	objectVersion = 46;
	objects = {

/* Begin PBXBuildFile section */
		013296BA725537AC281BE4FA /* egl_context.c in Sources */ = {isa = PBXBuildFile; fileRef = 11007E42393B36F420D6C482 /* egl_context.c */; };
		16BC11A201A83794498DFFE2 /* input.c in Sources */ = {isa = PBXBuildFile; fileRef = 614E84AA05A1225C17D96AEA /* input.c */; };
		48288B249EB5F596772F0964 /* vulkan.c in Sources */ = {isa = PBXBuildFile; fileRef = 3743520C3AB4243EBC20C84C /* vulkan.c */; };
		6DD6F06EB22595E0F44CCEAE /* cocoa_window.m in Sources */ = {isa = PBXBuildFile; fileRef = 319109B6535CB6E89011DFF6 /* cocoa_window.m */; };
		776A68BAE492772CE62566FA /* osmesa_context.c in Sources */ = {isa = PBXBuildFile; fileRef = 2A2D0142778FF774EDAEF782 /* osmesa_context.c */; };
		84B7DD4A7E1DDEBC71B93B8A /* init.c in Sources */ = {isa = PBXBuildFile; fileRef = 51AA26D2F4F5B0040FC67D12 /* init.c */; };
		BCB35D5E29DB6BD02B6E5B9E /* cocoa_joystick.m in Sources */ = {isa = PBXBuildFile; fileRef = 26FD8DA6746083D8EA7F83E6 /* cocoa_joystick.m */; };
		BE093C360257E1A8447F1A76 /* posix_thread.c in Sources */ = {isa = PBXBuildFile; fileRef = 2040ACFE420C5A307EC1833E /* posix_thread.c */; };
		CA0E0D103B30AE02F0F75B50 /* glfw_window.c in Sources */ = {isa = PBXBuildFile; fileRef = FB50C438238B7CEA0B270A78 /* glfw_window.c */; };
		CCAE7192FC404084D74D7FD2 /* monitor.c in Sources */ = {isa = PBXBuildFile; fileRef = 5ED5739A01C39A4C90E979DA /* monitor.c */; };
		D1AF392615FDDE9858251766 /* nsgl_context.m in Sources */ = {isa = PBXBuildFile; fileRef = 3EDFF2EE60ABA0209D60C92E /* nsgl_context.m */; };
		DB508DEE6DDE57E0D6B6FC2E /* cocoa_monitor.m in Sources */ = {isa = PBXBuildFile; fileRef = C85B16368BC6D7E8CA6A7C76 /* cocoa_monitor.m */; };
		DCB06CA8D672291A10712AE8 /* cocoa_time.c in Sources */ = {isa = PBXBuildFile; fileRef = A6CD4150EF3E258233DCF790 /* cocoa_time.c */; };
		E12E8A66DAF046D814EF48A6 /* cocoa_init.m in Sources */ = {isa = PBXBuildFile; fileRef = 931A922EDB8B7660202A486E /* cocoa_init.m */; };
		F4554CCC23E71BBEFEF45B0C /* context.c in Sources */ = {isa = PBXBuildFile; fileRef = 032B4634A6196CE6353F4C74 /* context.c */; };
/* End PBXBuildFile section */

/* Begin PBXFileReference section */
		032B4634A6196CE6353F4C74 /* context.c */ = {isa = PBXFileReference; lastKnownFileType = sourcecode.c.c; name = context.c; path = src/context.c; sourceTree = "<group>"; };
		09A741482B72EE7A68281788 /* posix_thread.h */ = {isa = PBXFileReference; lastKnownFileType = sourcecode.c.h; name = posix_thread.h; path = src/posix_thread.h; sourceTree = "<group>"; };
		11007E42393B36F420D6C482 /* egl_context.c */ = {isa = PBXFileReference; lastKnownFileType = sourcecode.c.c; name = egl_context.c; path = src/egl_context.c; sourceTree = "<group>"; };
		2040ACFE420C5A307EC1833E /* posix_thread.c */ = {isa = PBXFileReference; lastKnownFileType = sourcecode.c.c; name = posix_thread.c; path = src/posix_thread.c; sourceTree = "<group>"; };
		26FD8DA6746083D8EA7F83E6 /* cocoa_joystick.m */ = {isa = PBXFileReference; lastKnownFileType = sourcecode.c.objc; name = cocoa_joystick.m; path = src/cocoa_joystick.m; sourceTree = "<group>"; };
		2A2D0142778FF774EDAEF782 /* osmesa_context.c */ = {isa = PBXFileReference; lastKnownFileType = sourcecode.c.c; name = osmesa_context.c; path = src/osmesa_context.c; sourceTree = "<group>"; };
		319109B6535CB6E89011DFF6 /* cocoa_window.m */ = {isa = PBXFileReference; lastKnownFileType = sourcecode.c.objc; name = cocoa_window.m; path = src/cocoa_window.m; sourceTree = "<group>"; };
		3743520C3AB4243EBC20C84C /* vulkan.c */ = {isa = PBXFileReference; lastKnownFileType = sourcecode.c.c; name = vulkan.c; path = src/vulkan.c; sourceTree = "<group>"; };
		3EDFF2EE60ABA0209D60C92E /* nsgl_context.m */ = {isa = PBXFileReference; lastKnownFileType = sourcecode.c.objc; name = nsgl_context.m; path = src/nsgl_context.m; sourceTree = "<group>"; };
		4EB86DEC76F3269E5E8EB42C /* egl_context.h */ = {isa = PBXFileReference; lastKnownFileType = sourcecode.c.h; name = egl_context.h; path = src/egl_context.h; sourceTree = "<group>"; };
		51AA26D2F4F5B0040FC67D12 /* init.c */ = {isa = PBXFileReference; lastKnownFileType = sourcecode.c.c; name = init.c; path = src/init.c; sourceTree = "<group>"; };
		55795EA477450BD6B3FA34E4 /* nsgl_context.h */ = {isa = PBXFileReference; lastKnownFileType = sourcecode.c.h; name = nsgl_context.h; path = src/nsgl_context.h; sourceTree = "<group>"; };
		5ED5739A01C39A4C90E979DA /* monitor.c */ = {isa = PBXFileReference; lastKnownFileType = sourcecode.c.c; name = monitor.c; path = src/monitor.c; sourceTree = "<group>"; };
		614E84AA05A1225C17D96AEA /* input.c */ = {isa = PBXFileReference; lastKnownFileType = sourcecode.c.c; name = input.c; path = src/input.c; sourceTree = "<group>"; };
		7FC1621F83323451049ED85F /* libglfw.a */ = {isa = PBXFileReference; explicitFileType = archive.ar; includeInIndex = 0; name = libglfw.a; path = libglfw.a; sourceTree = BUILT_PRODUCTS_DIR; };
		87011ACCD46410FE4A83110C /* osmesa_context.h */ = {isa = PBXFileReference; lastKnownFileType = sourcecode.c.h; name = osmesa_context.h; path = src/osmesa_context.h; sourceTree = "<group>"; };
		931A922EDB8B7660202A486E /* cocoa_init.m */ = {isa = PBXFileReference; lastKnownFileType = sourcecode.c.objc; name = cocoa_init.m; path = src/cocoa_init.m; sourceTree = "<group>"; };
		A6CD4150EF3E258233DCF790 /* cocoa_time.c */ = {isa = PBXFileReference; lastKnownFileType = sourcecode.c.c; name = cocoa_time.c; path = src/cocoa_time.c; sourceTree = "<group>"; };
		C85B16368BC6D7E8CA6A7C76 /* cocoa_monitor.m */ = {isa = PBXFileReference; lastKnownFileType = sourcecode.c.objc; name = cocoa_monitor.m; path = src/cocoa_monitor.m; sourceTree = "<group>"; };
		CA29741C178C6A4E8DAB6A5C /* cocoa_joystick.h */ = {isa = PBXFileReference; lastKnownFileType = sourcecode.c.h; name = cocoa_joystick.h; path = src/cocoa_joystick.h; sourceTree = "<group>"; };
		F7F75546455A4B78BB794B86 /* cocoa_platform.h */ = {isa = PBXFileReference; lastKnownFileType = sourcecode.c.h; name = cocoa_platform.h; path = src/cocoa_platform.h; sourceTree = "<group>"; };
		FB50C438238B7CEA0B270A78 /* glfw_window.c */ = {isa = PBXFileReference; lastKnownFileType = sourcecode.c.c; name = glfw_window.c; path = src/glfw_window.c; sourceTree = "<group>"; };
/* End PBXFileReference section */

/* Begin PBXFrameworksBuildPhase section */
		2131200FC47CA941DF4D764F /* Frameworks */ = {
			isa = PBXFrameworksBuildPhase;
			buildActionMask = 2147483647;
			files = (
			);
			runOnlyForDeploymentPostprocessing = 0;
		};
/* End PBXFrameworksBuildPhase section */

/* Begin PBXGroup section */
		A6C936B49B3FADE6EA134CF4 /* Products */ = {
			isa = PBXGroup;
			children = (
				7FC1621F83323451049ED85F /* libglfw.a */,
			);
			name = Products;
			sourceTree = "<group>";
		};
		D1800B7042C6B9A2D0B901B0 /* glfw */ = {
			isa = PBXGroup;
			children = (
				931A922EDB8B7660202A486E /* cocoa_init.m */,
				CA29741C178C6A4E8DAB6A5C /* cocoa_joystick.h */,
				26FD8DA6746083D8EA7F83E6 /* cocoa_joystick.m */,
				C85B16368BC6D7E8CA6A7C76 /* cocoa_monitor.m */,
				F7F75546455A4B78BB794B86 /* cocoa_platform.h */,
				A6CD4150EF3E258233DCF790 /* cocoa_time.c */,
				319109B6535CB6E89011DFF6 /* cocoa_window.m */,
				032B4634A6196CE6353F4C74 /* context.c */,
				11007E42393B36F420D6C482 /* egl_context.c */,
				4EB86DEC76F3269E5E8EB42C /* egl_context.h */,
				FB50C438238B7CEA0B270A78 /* glfw_window.c */,
				51AA26D2F4F5B0040FC67D12 /* init.c */,
				614E84AA05A1225C17D96AEA /* input.c */,
				5ED5739A01C39A4C90E979DA /* monitor.c */,
				55795EA477450BD6B3FA34E4 /* nsgl_context.h */,
				3EDFF2EE60ABA0209D60C92E /* nsgl_context.m */,
				2A2D0142778FF774EDAEF782 /* osmesa_context.c */,
				87011ACCD46410FE4A83110C /* osmesa_context.h */,
				2040ACFE420C5A307EC1833E /* posix_thread.c */,
				09A741482B72EE7A68281788 /* posix_thread.h */,
				3743520C3AB4243EBC20C84C /* vulkan.c */,
				A6C936B49B3FADE6EA134CF4 /* Products */,
			);
			name = glfw;
			sourceTree = "<group>";
		};
/* End PBXGroup section */

/* Begin PBXNativeTarget section */
		2CC5F2255B6C4617B4ADA065 /* glfw */ = {
			isa = PBXNativeTarget;
			buildConfigurationList = 0F6C686EB2B7F1A0CD88BEAE /* Build configuration list for PBXNativeTarget "glfw" */;
			buildPhases = (
				9118A0AF346429E14F34F6EF /* Resources */,
				FAC5BA069E114338B8E21046 /* Sources */,
				2131200FC47CA941DF4D764F /* Frameworks */,
			);
			buildRules = (
			);
			dependencies = (
			);
			name = glfw;
			productName = glfw;
			productReference = 7FC1621F83323451049ED85F /* libglfw.a */;
			productType = "com.apple.product-type.library.static";
		};
/* End PBXNativeTarget section */

/* Begin PBXProject section */
		08FB7793FE84155DC02AAC07 /* Project object */ = {
			isa = PBXProject;
			buildConfigurationList = 1DEB928908733DD80010E9CD /* Build configuration list for PBXProject "glfw" */;
			compatibilityVersion = "Xcode 3.2";
			hasScannedForEncodings = 1;
			mainGroup = D1800B7042C6B9A2D0B901B0 /* glfw */;
			projectDirPath = "";
			projectRoot = "";
			targets = (
				2CC5F2255B6C4617B4ADA065 /* libglfw.a */,
			);
		};
/* End PBXProject section */

/* Begin PBXResourcesBuildPhase section */
		9118A0AF346429E14F34F6EF /* Resources */ = {
			isa = PBXResourcesBuildPhase;
			buildActionMask = 2147483647;
			files = (
			);
			runOnlyForDeploymentPostprocessing = 0;
		};
/* End PBXResourcesBuildPhase section */

/* Begin PBXSourcesBuildPhase section */
		FAC5BA069E114338B8E21046 /* Sources */ = {
			isa = PBXSourcesBuildPhase;
			buildActionMask = 2147483647;
			files = (
				E12E8A66DAF046D814EF48A6 /* cocoa_init.m in Sources */,
				BCB35D5E29DB6BD02B6E5B9E /* cocoa_joystick.m in Sources */,
				DB508DEE6DDE57E0D6B6FC2E /* cocoa_monitor.m in Sources */,
				DCB06CA8D672291A10712AE8 /* cocoa_time.c in Sources */,
				6DD6F06EB22595E0F44CCEAE /* cocoa_window.m in Sources */,
				F4554CCC23E71BBEFEF45B0C /* context.c in Sources */,
				013296BA725537AC281BE4FA /* egl_context.c in Sources */,
				CA0E0D103B30AE02F0F75B50 /* glfw_window.c in Sources */,
				84B7DD4A7E1DDEBC71B93B8A /* init.c in Sources */,
				16BC11A201A83794498DFFE2 /* input.c in Sources */,
				CCAE7192FC404084D74D7FD2 /* monitor.c in Sources */,
				D1AF392615FDDE9858251766 /* nsgl_context.m in Sources */,
				776A68BAE492772CE62566FA /* osmesa_context.c in Sources */,
				BE093C360257E1A8447F1A76 /* posix_thread.c in Sources */,
				48288B249EB5F596772F0964 /* vulkan.c in Sources */,
			);
			runOnlyForDeploymentPostprocessing = 0;
		};
/* End PBXSourcesBuildPhase section */

/* Begin PBXVariantGroup section */
/* End PBXVariantGroup section */

/* Begin XCBuildConfiguration section */
		59930A2E81CDC2E06969506E /* Release */ = {
			isa = XCBuildConfiguration;
			buildSettings = {
				ALWAYS_SEARCH_USER_PATHS = NO;
				CONFIGURATION_BUILD_DIR = bin/Release/macosx/glfw;
				DEBUG_INFORMATION_FORMAT = "dwarf-with-dsym";
				GCC_DYNAMIC_NO_PIC = NO;
				INSTALL_PATH = /usr/local/lib;
				PRODUCT_NAME = glfw;
			};
			name = Release;
		};
		717959FFAA34207139CB583F /* Debug */ = {
			isa = XCBuildConfiguration;
			buildSettings = {
				ARCHS = "$(NATIVE_ARCH_ACTUAL)";
				CONFIGURATION_BUILD_DIR = "$(SYMROOT)";
				CONFIGURATION_TEMP_DIR = "$(OBJROOT)";
				COPY_PHASE_STRIP = NO;
				GCC_ENABLE_FIX_AND_CONTINUE = YES;
				GCC_OPTIMIZATION_LEVEL = 0;
				GCC_PREPROCESSOR_DEFINITIONS = (
					_GLFW_COCOA,
				);
				GCC_SYMBOLS_PRIVATE_EXTERN = NO;
				GCC_WARN_ABOUT_RETURN_TYPE = YES;
				GCC_WARN_UNUSED_VARIABLE = YES;
				HEADER_SEARCH_PATHS = (
					include/GLFW,
					../../include,
					"$(inherited)",
				);
				OBJROOT = "bin-int/Debug/macosx/glfw";
				ONLY_ACTIVE_ARCH = YES;
				SYMROOT = bin/Debug/macosx/glfw;
			};
			name = Debug;
		};
		8FE29234D85376661CF24874 /* Debug */ = {
			isa = XCBuildConfiguration;
			buildSettings = {
				ALWAYS_SEARCH_USER_PATHS = NO;
				CONFIGURATION_BUILD_DIR = bin/Debug/macosx/glfw;
				DEBUG_INFORMATION_FORMAT = "dwarf-with-dsym";
				GCC_DYNAMIC_NO_PIC = NO;
				INSTALL_PATH = /usr/local/lib;
				PRODUCT_NAME = glfw;
			};
			name = Debug;
		};
		A99FAFF9FC25DAEBCE6A3E39 /* Release */ = {
			isa = XCBuildConfiguration;
			buildSettings = {
				ARCHS = "$(NATIVE_ARCH_ACTUAL)";
				CONFIGURATION_BUILD_DIR = "$(SYMROOT)";
				CONFIGURATION_TEMP_DIR = "$(OBJROOT)";
				GCC_OPTIMIZATION_LEVEL = 3;
				GCC_PREPROCESSOR_DEFINITIONS = (
					_GLFW_COCOA,
				);
				GCC_SYMBOLS_PRIVATE_EXTERN = NO;
				GCC_WARN_ABOUT_RETURN_TYPE = YES;
				GCC_WARN_UNUSED_VARIABLE = YES;
				HEADER_SEARCH_PATHS = (
					include/GLFW,
					../../include,
					"$(inherited)",
				);
				OBJROOT = "bin-int/Release/macosx/glfw";
				ONLY_ACTIVE_ARCH = NO;
				SYMROOT = bin/Release/macosx/glfw;
			};
			name = Release;
		};
/* End XCBuildConfiguration section */

/* Begin XCConfigurationList section */
		0F6C686EB2B7F1A0CD88BEAE /* Build configuration list for PBXNativeTarget "libglfw.a" */ = {
			isa = XCConfigurationList;
			buildConfigurations = (
				8FE29234D85376661CF24874 /* Debug */,
				59930A2E81CDC2E06969506E /* Release */,
			);
			defaultConfigurationIsVisible = 0;
			defaultConfigurationName = Debug;
		};
		1DEB928908733DD80010E9CD /* Build configuration list for PBXProject "glfw" */ = {
			isa = XCConfigurationList;
			buildConfigurations = (
				717959FFAA34207139CB583F /* Debug */,
				A99FAFF9FC25DAEBCE6A3E39 /* Release */,
			);
			defaultConfigurationIsVisible = 0;
			defaultConfigurationName = Debug;
		};
/* End XCConfigurationList section */
};
rootObject = 08FB7793FE84155DC02AAC07 /* Project object */;
}