// !$*UTF8*$!
{
	archiveVersion = 1;
	classes = {
	};
	objectVersion = 46;
	objects = {

/* Begin PBXBuildFile section */
		272DD380C50ED4329C8D19C0 /* libEngine.a in Frameworks */ = {isa = PBXBuildFile; fileRef = 895DA7284C1E079AA952E568 /* libEngine.a */; };
		4E20C7D93267D00BB654FE19 /* GameLayer.cpp in Sources */ = {isa = PBXBuildFile; fileRef = BAD14601EBB53DF3FECD7441 /* GameLayer.cpp */; };
		67B2831F5BB1CC91E09CE15F /* texture-font.c in Sources */ = {isa = PBXBuildFile; fileRef = FDD9CB8741ED9CB935BF21C7 /* texture-font.c */; };
		713678D803C442CA6C9CE718 /* IOKit.framework in Frameworks */ = {isa = PBXBuildFile; fileRef = 0BACC980CF188B320DBC2FC0 /* IOKit.framework */; };
		76F3393B67EAA72DD3EE277B /* texture-atlas.c in Sources */ = {isa = PBXBuildFile; fileRef = 03BBE8E39C08CE95CA4FCF23 /* texture-atlas.c */; };
		840EA602F136B474F2C9A442 /* OpenGL.framework in Frameworks */ = {isa = PBXBuildFile; fileRef = 19352E0A6698243CDCB7244A /* OpenGL.framework */; };
		9223EFD8340D8BCA2B349E18 /* CoreVideo.framework in Frameworks */ = {isa = PBXBuildFile; fileRef = 606C44802E8F9832B59DEAC0 /* CoreVideo.framework */; };
		99D0164B2F46D57D9DE32C8B /* KevGame.cpp in Sources */ = {isa = PBXBuildFile; fileRef = F029A0531FBB6F45FAC8AE93 /* KevGame.cpp */; };
		A0CF67DB0DF7764D0F8A661B /* vector.c in Sources */ = {isa = PBXBuildFile; fileRef = 74BD9883C2208EB5383F8EC3 /* vector.c */; };
		E363EE6D052F9B9F41E4C4AD /* HUD.cpp in Sources */ = {isa = PBXBuildFile; fileRef = 9154C3559207C04705E99195 /* HUD.cpp */; };
		F8E8DBA28B76A594F44F49E2 /* Cocoa.framework in Frameworks */ = {isa = PBXBuildFile; fileRef = 8D6BC6AA50D7885C8F7B2CEA /* Cocoa.framework */; };
/* End PBXBuildFile section */

/* Begin PBXContainerItemProxy section */
		05721AD84DE2FF0A9281D118 /* PBXContainerItemProxy */ = {
			isa = PBXContainerItemProxy;
			containerPortal = 96600DB70782AEA9BD495BF7 /* ../Engine.xcodeproj */;
			proxyType = 2;
			remoteGlobalIDString = 128D75A5B57B9C5744A17BE5;
			remoteInfo = libEngine.a;
		};
		57AC8D71A01D71A3E4BC43B1 /* PBXContainerItemProxy */ = {
			isa = PBXContainerItemProxy;
			containerPortal = 96600DB70782AEA9BD495BF7 /* ../Engine.xcodeproj */;
			proxyType = 1;
			remoteGlobalIDString = 38FAACEBAA85C55D5986EB2B;
			remoteInfo = libEngine.a;
		};
/* End PBXContainerItemProxy section */

/* Begin PBXFileReference section */
		03BBE8E39C08CE95CA4FCF23 /* texture-atlas.c */ = {isa = PBXFileReference; lastKnownFileType = sourcecode.c.c; name = "texture-atlas.c"; path = "../ext/freetype-gl/texture-atlas.c"; sourceTree = "<group>"; };
		0460FB69A8B3991BBAEBE1A9 /* KevGame */ = {isa = PBXFileReference; explicitFileType = "compiled.mach-o.executable"; includeInIndex = 0; name = KevGame; path = KevGame; sourceTree = BUILT_PRODUCTS_DIR; };
		0BACC980CF188B320DBC2FC0 /* IOKit.framework */ = {isa = PBXFileReference; lastKnownFileType = wrapper.framework; name = IOKit.framework; path = System/Library/Frameworks/IOKit.framework; sourceTree = SDKROOT; };
		19352E0A6698243CDCB7244A /* OpenGL.framework */ = {isa = PBXFileReference; lastKnownFileType = wrapper.framework; name = OpenGL.framework; path = System/Library/Frameworks/OpenGL.framework; sourceTree = SDKROOT; };
		606C44802E8F9832B59DEAC0 /* CoreVideo.framework */ = {isa = PBXFileReference; lastKnownFileType = wrapper.framework; name = CoreVideo.framework; path = System/Library/Frameworks/CoreVideo.framework; sourceTree = SDKROOT; };
		74BD9883C2208EB5383F8EC3 /* vector.c */ = {isa = PBXFileReference; lastKnownFileType = sourcecode.c.c; name = vector.c; path = "../ext/freetype-gl/vector.c"; sourceTree = "<group>"; };
		8D6BC6AA50D7885C8F7B2CEA /* Cocoa.framework */ = {isa = PBXFileReference; lastKnownFileType = wrapper.framework; name = Cocoa.framework; path = System/Library/Frameworks/Cocoa.framework; sourceTree = SDKROOT; };
		902EE59FBED53991181693DF /* HUD.h */ = {isa = PBXFileReference; lastKnownFileType = sourcecode.c.h; name = HUD.h; path = ../game/HUD.h; sourceTree = "<group>"; };
		9154C3559207C04705E99195 /* HUD.cpp */ = {isa = PBXFileReference; lastKnownFileType = sourcecode.cpp.cpp; name = HUD.cpp; path = ../game/HUD.cpp; sourceTree = "<group>"; };
		96600DB70782AEA9BD495BF7 /* libEngine.a */ = {isa = PBXFileReference; lastKnownFileType = "wrapper.pb-project"; name = "Engine.xcodeproj"; path = ../Engine.xcodeproj; sourceTree = SOURCE_ROOT; };
		BAD14601EBB53DF3FECD7441 /* GameLayer.cpp */ = {isa = PBXFileReference; lastKnownFileType = sourcecode.cpp.cpp; name = GameLayer.cpp; path = ../game/GameLayer.cpp; sourceTree = "<group>"; };
		DE62AF8B0DF47E7DE901BDCB /* GameLayer.h */ = {isa = PBXFileReference; lastKnownFileType = sourcecode.c.h; name = GameLayer.h; path = ../game/GameLayer.h; sourceTree = "<group>"; };
		F029A0531FBB6F45FAC8AE93 /* KevGame.cpp */ = {isa = PBXFileReference; lastKnownFileType = sourcecode.cpp.cpp; name = KevGame.cpp; path = ../game/KevGame.cpp; sourceTree = "<group>"; };
		FDD9CB8741ED9CB935BF21C7 /* texture-font.c */ = {isa = PBXFileReference; lastKnownFileType = sourcecode.c.c; name = "texture-font.c"; path = "../ext/freetype-gl/texture-font.c"; sourceTree = "<group>"; };
/* End PBXFileReference section */

/* Begin PBXFrameworksBuildPhase section */
		3AF3A4598B07390B0D856A99 /* Frameworks */ = {
			isa = PBXFrameworksBuildPhase;
			buildActionMask = 2147483647;
			files = (
				713678D803C442CA6C9CE718 /* IOKit.framework in Frameworks */,
				840EA602F136B474F2C9A442 /* OpenGL.framework in Frameworks */,
				F8E8DBA28B76A594F44F49E2 /* Cocoa.framework in Frameworks */,
				9223EFD8340D8BCA2B349E18 /* CoreVideo.framework in Frameworks */,
				272DD380C50ED4329C8D19C0 /* libEngine.a in Frameworks */,
			);
			runOnlyForDeploymentPostprocessing = 0;
		};
/* End PBXFrameworksBuildPhase section */

/* Begin PBXGroup section */
		0993365A7AD9E48C08CC2C9A /* Game */ = {
			isa = PBXGroup;
			children = (
				0FD95B8AFBCA673C4E0201CA /* ext */,
				E5990FBC91FBCFEE508445FC /* game */,
				BBF76781A7E87333FA200DC1 /* Frameworks */,
				A6C936B49B3FADE6EA134CF4 /* Products */,
				9D968EAA920D05DCE0E0A4EA /* Projects */,
			);
			name = Game;
			sourceTree = "<group>";
		};
		0FD95B8AFBCA673C4E0201CA /* ext */ = {
			isa = PBXGroup;
			children = (
				FDE33E30261DF6E20DB98470 /* freetype-gl */,
			);
			name = ext;
			sourceTree = "<group>";
		};
		2C3DAD181729D30A5F0F9B58 /* Products */ = {
			isa = PBXGroup;
			children = (
				895DA7284C1E079AA952E568 /* libEngine.a */,
			);
			name = Products;
			sourceTree = "<group>";
		};
		9D968EAA920D05DCE0E0A4EA /* Projects */ = {
			isa = PBXGroup;
			children = (
				96600DB70782AEA9BD495BF7 /* Engine.xcodeproj */,
			);
			name = Projects;
			sourceTree = "<group>";
		};
		A6C936B49B3FADE6EA134CF4 /* Products */ = {
			isa = PBXGroup;
			children = (
				0460FB69A8B3991BBAEBE1A9 /* KevGame */,
			);
			name = Products;
			sourceTree = "<group>";
		};
		BBF76781A7E87333FA200DC1 /* Frameworks */ = {
			isa = PBXGroup;
			children = (
				0BACC980CF188B320DBC2FC0 /* IOKit.framework */,
				19352E0A6698243CDCB7244A /* OpenGL.framework */,
				8D6BC6AA50D7885C8F7B2CEA /* Cocoa.framework */,
				606C44802E8F9832B59DEAC0 /* CoreVideo.framework */,
			);
			name = Frameworks;
			sourceTree = "<group>";
		};
		E5990FBC91FBCFEE508445FC /* game */ = {
			isa = PBXGroup;
			children = (
				BAD14601EBB53DF3FECD7441 /* GameLayer.cpp */,
				DE62AF8B0DF47E7DE901BDCB /* GameLayer.h */,
				9154C3559207C04705E99195 /* HUD.cpp */,
				902EE59FBED53991181693DF /* HUD.h */,
				F029A0531FBB6F45FAC8AE93 /* KevGame.cpp */,
			);
			name = game;
			sourceTree = "<group>";
		};
		FDE33E30261DF6E20DB98470 /* freetype-gl */ = {
			isa = PBXGroup;
			children = (
				03BBE8E39C08CE95CA4FCF23 /* texture-atlas.c */,
				FDD9CB8741ED9CB935BF21C7 /* texture-font.c */,
				74BD9883C2208EB5383F8EC3 /* vector.c */,
			);
			name = "freetype-gl";
			sourceTree = "<group>";
		};
/* End PBXGroup section */

/* Begin PBXNativeTarget section */
		4FD28A2F5C8F39A1D179A86F /* Game */ = {
			isa = PBXNativeTarget;
			buildConfigurationList = 292EECB87942816AFBC0B2F8 /* Build configuration list for PBXNativeTarget "Game" */;
			buildPhases = (
				AADB24F9FAEEB9AB7D6CEB39 /* Resources */,
				14883E50649BD302E71A0490 /* Sources */,
				3AF3A4598B07390B0D856A99 /* Frameworks */,
			);
			buildRules = (
			);
			dependencies = (
				19F5EA2104E210134CC7D861 /* PBXTargetDependency */,
			);
			name = Game;
			productInstallPath = "$(HOME)/bin";
			productName = Game;
			productReference = 0460FB69A8B3991BBAEBE1A9 /* KevGame */;
			productType = "com.apple.product-type.tool";
		};
/* End PBXNativeTarget section */

/* Begin PBXProject section */
		08FB7793FE84155DC02AAC07 /* Project object */ = {
			isa = PBXProject;
			buildConfigurationList = 1DEB928908733DD80010E9CD /* Build configuration list for PBXProject "Game" */;
			compatibilityVersion = "Xcode 3.2";
			hasScannedForEncodings = 1;
			mainGroup = 0993365A7AD9E48C08CC2C9A /* Game */;
			projectDirPath = "";
			projectReferences = (
				{
					ProductGroup = 2C3DAD181729D30A5F0F9B58 /* Products */;
					ProjectRef = 96600DB70782AEA9BD495BF7 /* Engine.xcodeproj */;
				},
			);
			projectRoot = "";
			targets = (
				4FD28A2F5C8F39A1D179A86F /* KevGame */,
			);
		};
/* End PBXProject section */

/* Begin PBXReferenceProxy section */
		895DA7284C1E079AA952E568 /* libEngine.a */ = {
			isa = PBXReferenceProxy;
			fileType = archive.ar;
			path = libEngine.a;
			remoteRef = 05721AD84DE2FF0A9281D118 /* PBXContainerItemProxy */;
			sourceTree = BUILT_PRODUCTS_DIR;
		};
/* End PBXReferenceProxy section */

/* Begin PBXResourcesBuildPhase section */
		AADB24F9FAEEB9AB7D6CEB39 /* Resources */ = {
			isa = PBXResourcesBuildPhase;
			buildActionMask = 2147483647;
			files = (
			);
			runOnlyForDeploymentPostprocessing = 0;
		};
/* End PBXResourcesBuildPhase section */

/* Begin PBXSourcesBuildPhase section */
		14883E50649BD302E71A0490 /* Sources */ = {
			isa = PBXSourcesBuildPhase;
			buildActionMask = 2147483647;
			files = (
				76F3393B67EAA72DD3EE277B /* texture-atlas.c in Sources */,
				67B2831F5BB1CC91E09CE15F /* texture-font.c in Sources */,
				A0CF67DB0DF7764D0F8A661B /* vector.c in Sources */,
				4E20C7D93267D00BB654FE19 /* GameLayer.cpp in Sources */,
				E363EE6D052F9B9F41E4C4AD /* HUD.cpp in Sources */,
				99D0164B2F46D57D9DE32C8B /* KevGame.cpp in Sources */,
			);
			runOnlyForDeploymentPostprocessing = 0;
		};
/* End PBXSourcesBuildPhase section */

/* Begin PBXTargetDependency section */
		19F5EA2104E210134CC7D861 /* PBXTargetDependency */ = {
			isa = PBXTargetDependency;
			name = libEngine.a;
			targetProxy = 57AC8D71A01D71A3E4BC43B1 /* PBXContainerItemProxy */;
		};
/* End PBXTargetDependency section */

/* Begin PBXVariantGroup section */
/* End PBXVariantGroup section */

/* Begin XCBuildConfiguration section */
		4F03D57E752A0530DC30FBBE /* Debug */ = {
			isa = XCBuildConfiguration;
			buildSettings = {
				ALWAYS_SEARCH_USER_PATHS = NO;
				CONFIGURATION_BUILD_DIR = bin/Debug;
				DEBUG_INFORMATION_FORMAT = "dwarf-with-dsym";
				GCC_DYNAMIC_NO_PIC = NO;
				INSTALL_PATH = /usr/local/bin;
				MACOSX_DEPLOYMENT_TARGET = latest;
				PRODUCT_NAME = KevGame;
			};
			name = Debug;
		};
		661247F8AE832C2AF321FE38 /* Release */ = {
			isa = XCBuildConfiguration;
			buildSettings = {
				ALWAYS_SEARCH_USER_PATHS = NO;
				CONFIGURATION_BUILD_DIR = bin/Release;
				DEBUG_INFORMATION_FORMAT = "dwarf-with-dsym";
				GCC_DYNAMIC_NO_PIC = NO;
				INSTALL_PATH = /usr/local/bin;
				MACOSX_DEPLOYMENT_TARGET = latest;
				PRODUCT_NAME = KevGame;
			};
			name = Release;
		};
		7B97F4A3CE1E1F95A06282E3 /* Release */ = {
			isa = XCBuildConfiguration;
			buildSettings = {
				ARCHS = "$(NATIVE_ARCH_ACTUAL)";
				CLANG_CXX_LANGUAGE_STANDARD = "c++1z";
				CONFIGURATION_BUILD_DIR = "$(SYMROOT)";
				CONFIGURATION_TEMP_DIR = "$(OBJROOT)";
				GCC_OPTIMIZATION_LEVEL = 0;
				GCC_SYMBOLS_PRIVATE_EXTERN = NO;
				GCC_WARN_ABOUT_RETURN_TYPE = YES;
				GCC_WARN_UNUSED_VARIABLE = YES;
				HEADER_SEARCH_PATHS = (
					../src,
					../include,
					../ext/glfw/include,
					../ext/glad/include,
					../ext/imgui,
					../ext/freetype/include,
					"$(inherited)",
				);
				OBJROOT = "../bin-int/Release/macosx/Game";
				ONLY_ACTIVE_ARCH = NO;
				SYMROOT = bin/Release;
			};
			name = Release;
		};
		DC646C29151F329BA4B66A69 /* Debug */ = {
			isa = XCBuildConfiguration;
			buildSettings = {
				ARCHS = "$(NATIVE_ARCH_ACTUAL)";
				CLANG_CXX_LANGUAGE_STANDARD = "c++1z";
				CONFIGURATION_BUILD_DIR = "$(SYMROOT)";
				CONFIGURATION_TEMP_DIR = "$(OBJROOT)";
				GCC_OPTIMIZATION_LEVEL = 0;
				GCC_SYMBOLS_PRIVATE_EXTERN = NO;
				GCC_WARN_ABOUT_RETURN_TYPE = YES;
				GCC_WARN_UNUSED_VARIABLE = YES;
				HEADER_SEARCH_PATHS = (
					../src,
					../include,
					../ext/glfw/include,
					../ext/glad/include,
					../ext/imgui,
					../ext/freetype/include,
					"$(inherited)",
				);
				OBJROOT = "../bin-int/Debug/macosx/Game";
				ONLY_ACTIVE_ARCH = NO;
				SYMROOT = bin/Debug;
			};
			name = Debug;
		};
/* End XCBuildConfiguration section */

/* Begin XCConfigurationList section */
		1DEB928908733DD80010E9CD /* Build configuration list for PBXProject "Game" */ = {
			isa = XCConfigurationList;
			buildConfigurations = (
				DC646C29151F329BA4B66A69 /* Debug */,
				7B97F4A3CE1E1F95A06282E3 /* Release */,
			);
			defaultConfigurationIsVisible = 0;
			defaultConfigurationName = Debug;
		};
		292EECB87942816AFBC0B2F8 /* Build configuration list for PBXNativeTarget "KevGame" */ = {
			isa = XCConfigurationList;
			buildConfigurations = (
				4F03D57E752A0530DC30FBBE /* Debug */,
				661247F8AE832C2AF321FE38 /* Release */,
			);
			defaultConfigurationIsVisible = 0;
			defaultConfigurationName = Debug;
		};
/* End XCConfigurationList section */
};
rootObject = 08FB7793FE84155DC02AAC07 /* Project object */;
}