// !$*UTF8*$!
{
	archiveVersion = 1;
	classes = {
	};
	objectVersion = 46;
	objects = {

/* Begin PBXBuildFile section */
		137261E3F9096915BC4E7823 /* PhysicsSprite.cpp in Sources */ = {isa = PBXBuildFile; fileRef = 1DDE04AB77DF1B9D3F2612EB /* PhysicsSprite.cpp */; };
		1AB8D5B3BCA271A5B3C983F3 /* ImGuiLayer.cpp in Sources */ = {isa = PBXBuildFile; fileRef = D82248BBA6459C6D2D53EEFB /* ImGuiLayer.cpp */; };
		1BDFF8EF286AAB61A34F772F /* GLContext.cpp in Sources */ = {isa = PBXBuildFile; fileRef = D08D42F7AFAA5D298BB3B937 /* GLContext.cpp */; };
		1CEA44BD1C8D27EF56E1DAFD /* FontManager.cpp in Sources */ = {isa = PBXBuildFile; fileRef = 4A338E85A199017753A71CC5 /* FontManager.cpp */; };
		1DF464BA4FEDAF6CC9CCEAFA /* mat2.cpp in Sources */ = {isa = PBXBuildFile; fileRef = 617D7942B80AE3B49083F782 /* mat2.cpp */; };
		270B07C93934E47B6D25CE09 /* Window.cpp in Sources */ = {isa = PBXBuildFile; fileRef = DC3A41D1D5FBFE430FFB0011 /* Window.cpp */; };
		27CBF671C5ACF7239D2B3CB1 /* TextureManager.cpp in Sources */ = {isa = PBXBuildFile; fileRef = 1AF5A9F9DDB60A6B3AEAE839 /* TextureManager.cpp */; };
		2B710CA4653BC3561A9712E4 /* FollowRenderableCamera.cpp in Sources */ = {isa = PBXBuildFile; fileRef = F09653ACB54BAA1E69BA51EC /* FollowRenderableCamera.cpp */; };
		34AE6D259135719719D82B65 /* Kev2DRenderer.cpp in Sources */ = {isa = PBXBuildFile; fileRef = 11CE10CD21B33CFF0E26C70D /* Kev2DRenderer.cpp */; };
		36718A32686AD4E4E24A1072 /* vec2.cpp in Sources */ = {isa = PBXBuildFile; fileRef = 822A2B3AD8B795ACB130A97A /* vec2.cpp */; };
		40EA07BE4D74BA30C85985FE /* LayerStack.cpp in Sources */ = {isa = PBXBuildFile; fileRef = D75CAA66B679C498928320A6 /* LayerStack.cpp */; };
		48880A298C9BDB5B806D6069 /* KevEngine.cpp in Sources */ = {isa = PBXBuildFile; fileRef = 7058AAB1E17B4BA39741F8F1 /* KevEngine.cpp */; };
		5A03FC5D6C2DD90FA01EC29D /* KevInput.cpp in Sources */ = {isa = PBXBuildFile; fileRef = 82F0D6A57CB29317B6B194E5 /* KevInput.cpp */; };
		6288B20DAB27F03FCE53A84D /* WindowsWindow.cpp in Sources */ = {isa = PBXBuildFile; fileRef = E01462B5D10BD0A73D0F50F5 /* WindowsWindow.cpp */; };
		6CE2FBF49EDC46A618BB8234 /* vec3.cpp in Sources */ = {isa = PBXBuildFile; fileRef = 903FF7DCE6CD624EBF46761C /* vec3.cpp */; };
		6DAE08FD7D93352F6A06BF3D /* ShaderManager.cpp in Sources */ = {isa = PBXBuildFile; fileRef = 06C0E8C5A8AA84B79FD19705 /* ShaderManager.cpp */; };
		6DC41FE20BA52094E3236622 /* libglad.a in Frameworks */ = {isa = PBXBuildFile; fileRef = 4F5CBB4A121D1BBC6F51F98A /* libglad.a */; };
		6F8A01090217CAFB6AF06F49 /* FileIO.cpp in Sources */ = {isa = PBXBuildFile; fileRef = 9636001159A1C1C398456651 /* FileIO.cpp */; };
		70ADC7F26A4E19A45ACF2E32 /* OrthographicCameraController.cpp in Sources */ = {isa = PBXBuildFile; fileRef = 73CA8D1A35831E8CDC9DEB5A /* OrthographicCameraController.cpp */; };
		713678D803C442CA6C9CE718 /* IOKit.framework in Frameworks */ = {isa = PBXBuildFile; fileRef = 0BACC980CF188B320DBC2FC0 /* IOKit.framework */; };
		7686429C0BFD01CE7A9958DC /* vec2u.cpp in Sources */ = {isa = PBXBuildFile; fileRef = EBFE79041B9047F6F69D8744 /* vec2u.cpp */; };
		78E79B1DD56E9F8F5E11595D /* ShaderProgram.cpp in Sources */ = {isa = PBXBuildFile; fileRef = 3EB933454E9E5F773B11E985 /* ShaderProgram.cpp */; };
		840EA602F136B474F2C9A442 /* OpenGL.framework in Frameworks */ = {isa = PBXBuildFile; fileRef = 19352E0A6698243CDCB7244A /* OpenGL.framework */; };
		89339AAAE493BF5C26D760EA /* OrthographicCamera.cpp in Sources */ = {isa = PBXBuildFile; fileRef = 01842E525E0B32C4E6ADEC92 /* OrthographicCamera.cpp */; };
		8AD7483EBCD092F036AFCE7E /* mat4.cpp in Sources */ = {isa = PBXBuildFile; fileRef = 7DA91286D4367CF8ACAF90C6 /* mat4.cpp */; };
		8FE878592A0C6D8BDA324E99 /* IndexBuffer.cpp in Sources */ = {isa = PBXBuildFile; fileRef = E9265A215D809F13DB642861 /* IndexBuffer.cpp */; };
		908A5C49534ABCBBB07F9A89 /* KevImGuiLog.cpp in Sources */ = {isa = PBXBuildFile; fileRef = B30F07F1975610231B433E31 /* KevImGuiLog.cpp */; };
		9223EFD8340D8BCA2B349E18 /* CoreVideo.framework in Frameworks */ = {isa = PBXBuildFile; fileRef = 606C44802E8F9832B59DEAC0 /* CoreVideo.framework */; };
		92445697DAE394C9FE0F4CD7 /* RenderableManager.cpp in Sources */ = {isa = PBXBuildFile; fileRef = 15ADD1BF06A53FB172A8BFFF /* RenderableManager.cpp */; };
		99B54F925C75B004B9AA8DD2 /* stb_image.cpp in Sources */ = {isa = PBXBuildFile; fileRef = 67E5743A4C2C7C6CD019AA7A /* stb_image.cpp */; };
		9A7F2E5E2FF5ED909E92449E /* vec2f.cpp in Sources */ = {isa = PBXBuildFile; fileRef = 192BADA648BD7C9823CABBE6 /* vec2f.cpp */; };
		A099AD724283496439AA5BB2 /* Group.cpp in Sources */ = {isa = PBXBuildFile; fileRef = 704D6DDA3E70C18CC57F141A /* Group.cpp */; };
		A3546DB6D54DB8684F2CF3F6 /* vec4.cpp in Sources */ = {isa = PBXBuildFile; fileRef = 9E55C47EF4E32EF0CD5C42BE /* vec4.cpp */; };
		A675E75C4456E80E1BD52D9C /* LinuxWindow.cpp in Sources */ = {isa = PBXBuildFile; fileRef = A3492A6466098AD6C33E68A4 /* LinuxWindow.cpp */; };
		B1C1F4804738B3B2B5D50AC0 /* vec3f.cpp in Sources */ = {isa = PBXBuildFile; fileRef = 829506A8B226D59A8D3414E8 /* vec3f.cpp */; };
		B1D09CEE64C6A6A0B5E9032E /* libimgui.a in Frameworks */ = {isa = PBXBuildFile; fileRef = 3054A3F62453ED68A93F0236 /* libimgui.a */; };
		B647A29258313E844F5850D2 /* Layer.cpp in Sources */ = {isa = PBXBuildFile; fileRef = 705180FA3E74D4ACC583273A /* Layer.cpp */; };
		B77015E9D23C849BD60D1C29 /* Buffer.cpp in Sources */ = {isa = PBXBuildFile; fileRef = 4640FDB1B3690C23B4FBFBF1 /* Buffer.cpp */; };
		B7A5FA3151FFE3238E384871 /* TextureProgram.cpp in Sources */ = {isa = PBXBuildFile; fileRef = C8278A1966088ACB3D86D059 /* TextureProgram.cpp */; };
		C3D1123965BAAE2B5CE1C079 /* ImGuiBuild.cpp in Sources */ = {isa = PBXBuildFile; fileRef = F2D167E1C0F4BB9348030E21 /* ImGuiBuild.cpp */; };
		C4F8421D38E0B9CF5B2E685D /* Sprite.cpp in Sources */ = {isa = PBXBuildFile; fileRef = 769B89453D2980B7AB2BA785 /* Sprite.cpp */; };
		C904BAA25E7B79D4CD17D0E2 /* vec4f.cpp in Sources */ = {isa = PBXBuildFile; fileRef = EBFE5FAA1B902E9CF69D6DEA /* vec4f.cpp */; };
		CAFCEB9F6520E0D11546C1DF /* FrameBuffer.cpp in Sources */ = {isa = PBXBuildFile; fileRef = CDE29C07423CE0F9C0206A47 /* FrameBuffer.cpp */; };
		CDBB02666331C198D1CE18A6 /* mat2f.cpp in Sources */ = {isa = PBXBuildFile; fileRef = 7A22D52EA9B4A42084C1E36E /* mat2f.cpp */; };
		D4964B922FF67044723A11D2 /* libfreetype.a in Frameworks */ = {isa = PBXBuildFile; fileRef = AC85C17A090CC5EC91AF7FBA /* libfreetype.a */; };
		EA47E98F846BDEC13491BFCF /* VertexArray.cpp in Sources */ = {isa = PBXBuildFile; fileRef = EE83B2F762DDF7E9E0C18137 /* VertexArray.cpp */; };
		F8E8DBA28B76A594F44F49E2 /* Cocoa.framework in Frameworks */ = {isa = PBXBuildFile; fileRef = 8D6BC6AA50D7885C8F7B2CEA /* Cocoa.framework */; };
		F8EAA36FF88D86A132E239AF /* Label.cpp in Sources */ = {isa = PBXBuildFile; fileRef = 9B994377F2FEB669A50CD1B7 /* Label.cpp */; };
		FC408EAA91B74DDC0053A4EA /* mat4f.cpp in Sources */ = {isa = PBXBuildFile; fileRef = 4CF587327C87562457949572 /* mat4f.cpp */; };
		FCA597C29A8698747204DE02 /* libglfw.a in Frameworks */ = {isa = PBXBuildFile; fileRef = BE9C242A815C849CDE91626A /* libglfw.a */; };
/* End PBXBuildFile section */

/* Begin PBXContainerItemProxy section */
		06DF3F76F1CB656839B12DB6 /* PBXContainerItemProxy */ = {
			isa = PBXContainerItemProxy;
			containerPortal = 9A47F7207E8EFF52027C2D60 /* ext/imgui/imgui.xcodeproj */;
			proxyType = 1;
			remoteGlobalIDString = 2D2BCDD0309CA002B2094410;
			remoteInfo = libimgui.a;
		};
		340D32525A336204C13A5892 /* PBXContainerItemProxy */ = {
			isa = PBXContainerItemProxy;
			containerPortal = F7CEBFFF3C1D65717E449E3F /* ext/glfw/glfw.xcodeproj */;
			proxyType = 2;
			remoteGlobalIDString = 7FC1621F83323451049ED85F;
			remoteInfo = libglfw.a;
		};
		35047B9A5B2AAB4CC231A1DA /* PBXContainerItemProxy */ = {
			isa = PBXContainerItemProxy;
			containerPortal = 032557D74773FD49899B3617 /* ext/glad/glad.xcodeproj */;
			proxyType = 2;
			remoteGlobalIDString = 5FD8DA676349AC99E4B650A7;
			remoteInfo = libglad.a;
		};
		8647A4EBAC6DD49D1374CB2B /* PBXContainerItemProxy */ = {
			isa = PBXContainerItemProxy;
			containerPortal = F7CEBFFF3C1D65717E449E3F /* ext/glfw/glfw.xcodeproj */;
			proxyType = 1;
			remoteGlobalIDString = 2CC5F2255B6C4617B4ADA065;
			remoteInfo = libglfw.a;
		};
		873EEE33AD651DE5146C1473 /* PBXContainerItemProxy */ = {
			isa = PBXContainerItemProxy;
			containerPortal = 032557D74773FD49899B3617 /* ext/glad/glad.xcodeproj */;
			proxyType = 1;
			remoteGlobalIDString = A02B816DCED1D55F28132FAD;
			remoteInfo = libglad.a;
		};
		9AF342C6C32DFB78AAC98906 /* PBXContainerItemProxy */ = {
			isa = PBXContainerItemProxy;
			containerPortal = 0278F0DBC539514D226E2F1B /* ext/freetype/freetype.xcodeproj */;
			proxyType = 2;
			remoteGlobalIDString = 5E490393755B9EC5657799D3;
			remoteInfo = libfreetype.a;
		};
		B4A4CCDD9F90F2CFE776BB1D /* PBXContainerItemProxy */ = {
			isa = PBXContainerItemProxy;
			containerPortal = 9A47F7207E8EFF52027C2D60 /* ext/imgui/imgui.xcodeproj */;
			proxyType = 2;
			remoteGlobalIDString = 8CE2B32AFE6DCB9CAD6EF16A;
			remoteInfo = libimgui.a;
		};
		ED2DB55F15686E11FD03FB9F /* PBXContainerItemProxy */ = {
			isa = PBXContainerItemProxy;
			containerPortal = 0278F0DBC539514D226E2F1B /* ext/freetype/freetype.xcodeproj */;
			proxyType = 1;
			remoteGlobalIDString = B7653519B818320B2BFA0359;
			remoteInfo = libfreetype.a;
		};
/* End PBXContainerItemProxy section */

/* Begin PBXFileReference section */
		01842E525E0B32C4E6ADEC92 /* OrthographicCamera.cpp */ = {isa = PBXFileReference; lastKnownFileType = sourcecode.cpp.cpp; name = OrthographicCamera.cpp; path = src/graphics/cameras/OrthographicCamera.cpp; sourceTree = "<group>"; };
		0205C155FB6BC2C7EF071F95 /* Core.h */ = {isa = PBXFileReference; lastKnownFileType = sourcecode.c.h; name = Core.h; path = src/core/Core.h; sourceTree = "<group>"; };
		0278F0DBC539514D226E2F1B /* libfreetype.a */ = {isa = PBXFileReference; lastKnownFileType = "wrapper.pb-project"; name = "freetype.xcodeproj"; path = ext/freetype/freetype.xcodeproj; sourceTree = SOURCE_ROOT; };
		032557D74773FD49899B3617 /* libglad.a */ = {isa = PBXFileReference; lastKnownFileType = "wrapper.pb-project"; name = "glad.xcodeproj"; path = ext/glad/glad.xcodeproj; sourceTree = SOURCE_ROOT; };
		06C0E8C5A8AA84B79FD19705 /* ShaderManager.cpp */ = {isa = PBXFileReference; lastKnownFileType = sourcecode.cpp.cpp; name = ShaderManager.cpp; path = src/graphics/ShaderManager.cpp; sourceTree = "<group>"; };
		0762C863CDF0BFD53BF2E6A3 /* TextureManager.h */ = {isa = PBXFileReference; lastKnownFileType = sourcecode.c.h; name = TextureManager.h; path = src/graphics/TextureManager.h; sourceTree = "<group>"; };
		0BACC980CF188B320DBC2FC0 /* IOKit.framework */ = {isa = PBXFileReference; lastKnownFileType = wrapper.framework; name = IOKit.framework; path = System/Library/Frameworks/IOKit.framework; sourceTree = SDKROOT; };
		11AC04580B1205CAFEAD6298 /* math.h */ = {isa = PBXFileReference; lastKnownFileType = sourcecode.c.h; name = math.h; path = src/math/math.h; sourceTree = "<group>"; };
		11CE10CD21B33CFF0E26C70D /* Kev2DRenderer.cpp */ = {isa = PBXFileReference; lastKnownFileType = sourcecode.cpp.cpp; name = Kev2DRenderer.cpp; path = src/graphics/renderer/Kev2DRenderer.cpp; sourceTree = "<group>"; };
		128D75A5B57B9C5744A17BE5 /* libEngine.a */ = {isa = PBXFileReference; explicitFileType = archive.ar; includeInIndex = 0; name = libEngine.a; path = libEngine.a; sourceTree = BUILT_PRODUCTS_DIR; };
		15ADD1BF06A53FB172A8BFFF /* RenderableManager.cpp */ = {isa = PBXFileReference; lastKnownFileType = sourcecode.cpp.cpp; name = RenderableManager.cpp; path = src/graphics/RenderableManager.cpp; sourceTree = "<group>"; };
		192BADA648BD7C9823CABBE6 /* vec2f.cpp */ = {isa = PBXFileReference; lastKnownFileType = sourcecode.cpp.cpp; name = vec2f.cpp; path = src/math/vec2f.cpp; sourceTree = "<group>"; };
		19352E0A6698243CDCB7244A /* OpenGL.framework */ = {isa = PBXFileReference; lastKnownFileType = wrapper.framework; name = OpenGL.framework; path = System/Library/Frameworks/OpenGL.framework; sourceTree = SDKROOT; };
		1AF5A9F9DDB60A6B3AEAE839 /* TextureManager.cpp */ = {isa = PBXFileReference; lastKnownFileType = sourcecode.cpp.cpp; name = TextureManager.cpp; path = src/graphics/TextureManager.cpp; sourceTree = "<group>"; };
		1BEE2F454DE779F7C7C6B585 /* ImGuiLayer.h */ = {isa = PBXFileReference; lastKnownFileType = sourcecode.c.h; name = ImGuiLayer.h; path = src/imgui/ImGuiLayer.h; sourceTree = "<group>"; };
		1D408091380CEF433BDD86D1 /* GL2DRenderer.h */ = {isa = PBXFileReference; lastKnownFileType = sourcecode.c.h; name = GL2DRenderer.h; path = src/graphics/renderer/GL2DRenderer.h; sourceTree = "<group>"; };
		1DDE04AB77DF1B9D3F2612EB /* PhysicsSprite.cpp */ = {isa = PBXFileReference; lastKnownFileType = sourcecode.cpp.cpp; name = PhysicsSprite.cpp; path = src/graphics/renderables/PhysicsSprite.cpp; sourceTree = "<group>"; };
		296C82721458A8645C3E70B2 /* vec3f.h */ = {isa = PBXFileReference; lastKnownFileType = sourcecode.c.h; name = vec3f.h; path = src/math/vec3f.h; sourceTree = "<group>"; };
		2F2F11B07342E2E2671467F0 /* LayerStack.h */ = {isa = PBXFileReference; lastKnownFileType = sourcecode.c.h; name = LayerStack.h; path = src/graphics/layers/LayerStack.h; sourceTree = "<group>"; };
		30DDC60F884339013A51544F /* ShaderManager.h */ = {isa = PBXFileReference; lastKnownFileType = sourcecode.c.h; name = ShaderManager.h; path = src/graphics/ShaderManager.h; sourceTree = "<group>"; };
		319687EBA2B928DD587FD62B /* InputCodes.h */ = {isa = PBXFileReference; lastKnownFileType = sourcecode.c.h; name = InputCodes.h; path = src/events/InputCodes.h; sourceTree = "<group>"; };
		32AB1B3C1D97412E657D097C /* mat4f.h */ = {isa = PBXFileReference; lastKnownFileType = sourcecode.c.h; name = mat4f.h; path = src/math/mat4f.h; sourceTree = "<group>"; };
		376736EF370A1A21715ECD2F /* ShaderProgram.h */ = {isa = PBXFileReference; lastKnownFileType = sourcecode.c.h; name = ShaderProgram.h; path = src/graphics/renderer/ShaderProgram.h; sourceTree = "<group>"; };
		3EB933454E9E5F773B11E985 /* ShaderProgram.cpp */ = {isa = PBXFileReference; lastKnownFileType = sourcecode.cpp.cpp; name = ShaderProgram.cpp; path = src/graphics/renderer/ShaderProgram.cpp; sourceTree = "<group>"; };
		4640FDB1B3690C23B4FBFBF1 /* Buffer.cpp */ = {isa = PBXFileReference; lastKnownFileType = sourcecode.cpp.cpp; name = Buffer.cpp; path = src/graphics/buffers/Buffer.cpp; sourceTree = "<group>"; };
		4A338E85A199017753A71CC5 /* FontManager.cpp */ = {isa = PBXFileReference; lastKnownFileType = sourcecode.cpp.cpp; name = FontManager.cpp; path = src/graphics/FontManager.cpp; sourceTree = "<group>"; };
		4CF587327C87562457949572 /* mat4f.cpp */ = {isa = PBXFileReference; lastKnownFileType = sourcecode.cpp.cpp; name = mat4f.cpp; path = src/math/mat4f.cpp; sourceTree = "<group>"; };
		54EF72B83FDB98AA87C160F8 /* mat2f.h */ = {isa = PBXFileReference; lastKnownFileType = sourcecode.c.h; name = mat2f.h; path = src/math/mat2f.h; sourceTree = "<group>"; };
		5B2808BFCF824DB14D65D6FF /* WindowsWindow.h */ = {isa = PBXFileReference; lastKnownFileType = sourcecode.c.h; name = WindowsWindow.h; path = src/platform/Windows/WindowsWindow.h; sourceTree = "<group>"; };
		5F6E4F03A3BCF475E5E42D43 /* WindowEvent.h */ = {isa = PBXFileReference; lastKnownFileType = sourcecode.c.h; name = WindowEvent.h; path = src/events/WindowEvent.h; sourceTree = "<group>"; };
		60275256F89F3FC824863096 /* FollowRenderableCamera.h */ = {isa = PBXFileReference; lastKnownFileType = sourcecode.c.h; name = FollowRenderableCamera.h; path = src/graphics/cameras/FollowRenderableCamera.h; sourceTree = "<group>"; };
		606C44802E8F9832B59DEAC0 /* CoreVideo.framework */ = {isa = PBXFileReference; lastKnownFileType = wrapper.framework; name = CoreVideo.framework; path = System/Library/Frameworks/CoreVideo.framework; sourceTree = SDKROOT; };
		61509A4E4C3CC0409422888E /* vec2u.h */ = {isa = PBXFileReference; lastKnownFileType = sourcecode.c.h; name = vec2u.h; path = src/math/vec2u.h; sourceTree = "<group>"; };
		617D7942B80AE3B49083F782 /* mat2.cpp */ = {isa = PBXFileReference; lastKnownFileType = sourcecode.cpp.cpp; name = mat2.cpp; path = src/math/mat2.cpp; sourceTree = "<group>"; };
		640C87C9D866CCBB564A5609 /* RenderableManager.h */ = {isa = PBXFileReference; lastKnownFileType = sourcecode.c.h; name = RenderableManager.h; path = src/graphics/RenderableManager.h; sourceTree = "<group>"; };
		67E5743A4C2C7C6CD019AA7A /* stb_image.cpp */ = {isa = PBXFileReference; lastKnownFileType = sourcecode.cpp.cpp; name = stb_image.cpp; path = ext/stb_image/stb_image.cpp; sourceTree = "<group>"; };
		681DBF686183C0DA551F1DA8 /* vec4.h */ = {isa = PBXFileReference; lastKnownFileType = sourcecode.c.h; name = vec4.h; path = src/math/vec4.h; sourceTree = "<group>"; };
		6A08AC5B63CA68CD9DC96A9B /* EntryPoint.h */ = {isa = PBXFileReference; lastKnownFileType = sourcecode.c.h; name = EntryPoint.h; path = src/core/EntryPoint.h; sourceTree = "<group>"; };
		6C4B50EE32D94860A0DB6F2E /* LinuxWindow.h */ = {isa = PBXFileReference; lastKnownFileType = sourcecode.c.h; name = LinuxWindow.h; path = src/platform/Linux/LinuxWindow.h; sourceTree = "<group>"; };
		6D00C4C10EEA60B306117301 /* VertexArray.h */ = {isa = PBXFileReference; lastKnownFileType = sourcecode.c.h; name = VertexArray.h; path = src/graphics/buffers/VertexArray.h; sourceTree = "<group>"; };
		6FE3DFA46949E1165CE53DE4 /* vec2.h */ = {isa = PBXFileReference; lastKnownFileType = sourcecode.c.h; name = vec2.h; path = src/math/vec2.h; sourceTree = "<group>"; };
		7044EA44C75A92B6F3A32884 /* OrthographicCameraController.h */ = {isa = PBXFileReference; lastKnownFileType = sourcecode.c.h; name = OrthographicCameraController.h; path = src/graphics/cameras/OrthographicCameraController.h; sourceTree = "<group>"; };
		704D6DDA3E70C18CC57F141A /* Group.cpp */ = {isa = PBXFileReference; lastKnownFileType = sourcecode.cpp.cpp; name = Group.cpp; path = src/graphics/layers/Group.cpp; sourceTree = "<group>"; };
		705180FA3E74D4ACC583273A /* Layer.cpp */ = {isa = PBXFileReference; lastKnownFileType = sourcecode.cpp.cpp; name = Layer.cpp; path = src/graphics/layers/Layer.cpp; sourceTree = "<group>"; };
		7058AAB1E17B4BA39741F8F1 /* KevEngine.cpp */ = {isa = PBXFileReference; lastKnownFileType = sourcecode.cpp.cpp; name = KevEngine.cpp; path = src/core/KevEngine.cpp; sourceTree = "<group>"; };
		73CA8D1A35831E8CDC9DEB5A /* OrthographicCameraController.cpp */ = {isa = PBXFileReference; lastKnownFileType = sourcecode.cpp.cpp; name = OrthographicCameraController.cpp; path = src/graphics/cameras/OrthographicCameraController.cpp; sourceTree = "<group>"; };
		769B89453D2980B7AB2BA785 /* Sprite.cpp */ = {isa = PBXFileReference; lastKnownFileType = sourcecode.cpp.cpp; name = Sprite.cpp; path = src/graphics/renderables/Sprite.cpp; sourceTree = "<group>"; };
		79652177790804A9B35CB7B7 /* Kev2DRenderer.h */ = {isa = PBXFileReference; lastKnownFileType = sourcecode.c.h; name = Kev2DRenderer.h; path = src/graphics/renderer/Kev2DRenderer.h; sourceTree = "<group>"; };
		7A22D52EA9B4A42084C1E36E /* mat2f.cpp */ = {isa = PBXFileReference; lastKnownFileType = sourcecode.cpp.cpp; name = mat2f.cpp; path = src/math/mat2f.cpp; sourceTree = "<group>"; };
		7CBEE7D11EA883C315CF9611 /* FrameBuffer.h */ = {isa = PBXFileReference; lastKnownFileType = sourcecode.c.h; name = FrameBuffer.h; path = src/graphics/buffers/FrameBuffer.h; sourceTree = "<group>"; };
		7D89C9D3D4173445AC904813 /* Event.h */ = {isa = PBXFileReference; lastKnownFileType = sourcecode.c.h; name = Event.h; path = src/events/Event.h; sourceTree = "<group>"; };
		7DA91286D4367CF8ACAF90C6 /* mat4.cpp */ = {isa = PBXFileReference; lastKnownFileType = sourcecode.cpp.cpp; name = mat4.cpp; path = src/math/mat4.cpp; sourceTree = "<group>"; };
		822A2B3AD8B795ACB130A97A /* vec2.cpp */ = {isa = PBXFileReference; lastKnownFileType = sourcecode.cpp.cpp; name = vec2.cpp; path = src/math/vec2.cpp; sourceTree = "<group>"; };
		829506A8B226D59A8D3414E8 /* vec3f.cpp */ = {isa = PBXFileReference; lastKnownFileType = sourcecode.cpp.cpp; name = vec3f.cpp; path = src/math/vec3f.cpp; sourceTree = "<group>"; };
		82F0D6A57CB29317B6B194E5 /* KevInput.cpp */ = {isa = PBXFileReference; lastKnownFileType = sourcecode.cpp.cpp; name = KevInput.cpp; path = src/core/KevInput.cpp; sourceTree = "<group>"; };
		8A1B368F1CA900818581A4CF /* FontManager.h */ = {isa = PBXFileReference; lastKnownFileType = sourcecode.c.h; name = FontManager.h; path = src/graphics/FontManager.h; sourceTree = "<group>"; };
		8D6BC6AA50D7885C8F7B2CEA /* Cocoa.framework */ = {isa = PBXFileReference; lastKnownFileType = wrapper.framework; name = Cocoa.framework; path = System/Library/Frameworks/Cocoa.framework; sourceTree = SDKROOT; };
		903FF7DCE6CD624EBF46761C /* vec3.cpp */ = {isa = PBXFileReference; lastKnownFileType = sourcecode.cpp.cpp; name = vec3.cpp; path = src/math/vec3.cpp; sourceTree = "<group>"; };
		91F3DDA4C3ED28563DCC63E4 /* Layer.h */ = {isa = PBXFileReference; lastKnownFileType = sourcecode.c.h; name = Layer.h; path = src/graphics/layers/Layer.h; sourceTree = "<group>"; };
		9240C02DDAB1A45F1F50766D /* Timer.h */ = {isa = PBXFileReference; lastKnownFileType = sourcecode.c.h; name = Timer.h; path = src/utils/Timer.h; sourceTree = "<group>"; };
		9413F684C60D41363FEC7CC4 /* Group.h */ = {isa = PBXFileReference; lastKnownFileType = sourcecode.c.h; name = Group.h; path = src/graphics/layers/Group.h; sourceTree = "<group>"; };
		9636001159A1C1C398456651 /* FileIO.cpp */ = {isa = PBXFileReference; lastKnownFileType = sourcecode.cpp.cpp; name = FileIO.cpp; path = src/utils/FileIO.cpp; sourceTree = "<group>"; };
		981172C72D8831F99C248907 /* commonTypes.h */ = {isa = PBXFileReference; lastKnownFileType = sourcecode.c.h; name = commonTypes.h; path = src/utils/commonTypes.h; sourceTree = "<group>"; };
		984A56B483367CA6CB1C44F4 /* vec4f.h */ = {isa = PBXFileReference; lastKnownFileType = sourcecode.c.h; name = vec4f.h; path = src/math/vec4f.h; sourceTree = "<group>"; };
		9A47F7207E8EFF52027C2D60 /* libimgui.a */ = {isa = PBXFileReference; lastKnownFileType = "wrapper.pb-project"; name = "imgui.xcodeproj"; path = ext/imgui/imgui.xcodeproj; sourceTree = SOURCE_ROOT; };
		9B3BC57BCC1FBD6DDF37F3BB /* KevEngine.h */ = {isa = PBXFileReference; lastKnownFileType = sourcecode.c.h; name = KevEngine.h; path = src/core/KevEngine.h; sourceTree = "<group>"; };
		9B994377F2FEB669A50CD1B7 /* Label.cpp */ = {isa = PBXFileReference; lastKnownFileType = sourcecode.cpp.cpp; name = Label.cpp; path = src/graphics/renderables/Label.cpp; sourceTree = "<group>"; };
		9E55C47EF4E32EF0CD5C42BE /* vec4.cpp */ = {isa = PBXFileReference; lastKnownFileType = sourcecode.cpp.cpp; name = vec4.cpp; path = src/math/vec4.cpp; sourceTree = "<group>"; };
		9FDA32A7AC64E5192749B0E7 /* HotSwapInterface.h */ = {isa = PBXFileReference; lastKnownFileType = sourcecode.c.h; name = HotSwapInterface.h; path = src/platform/Windows/HotSwapInterface.h; sourceTree = "<group>"; };
		A1602C3C8002C7AE34E4CA7C /* OrthographicCamera.h */ = {isa = PBXFileReference; lastKnownFileType = sourcecode.c.h; name = OrthographicCamera.h; path = src/graphics/cameras/OrthographicCamera.h; sourceTree = "<group>"; };
		A2F583F9C4C1312B01765A39 /* Logging.h */ = {isa = PBXFileReference; lastKnownFileType = sourcecode.c.h; name = Logging.h; path = src/utils/Logging.h; sourceTree = "<group>"; };
		A3492A6466098AD6C33E68A4 /* LinuxWindow.cpp */ = {isa = PBXFileReference; lastKnownFileType = sourcecode.cpp.cpp; name = LinuxWindow.cpp; path = src/platform/Linux/LinuxWindow.cpp; sourceTree = "<group>"; };
		A99B1A3B04DC6DADD836B87B /* Window.h */ = {isa = PBXFileReference; lastKnownFileType = sourcecode.c.h; name = Window.h; path = src/graphics/Window.h; sourceTree = "<group>"; };
		ADFDCDF59EF53BE70AF8BC35 /* PhysicsSprite.h */ = {isa = PBXFileReference; lastKnownFileType = sourcecode.c.h; name = PhysicsSprite.h; path = src/graphics/renderables/PhysicsSprite.h; sourceTree = "<group>"; };
		B30F07F1975610231B433E31 /* KevImGuiLog.cpp */ = {isa = PBXFileReference; lastKnownFileType = sourcecode.cpp.cpp; name = KevImGuiLog.cpp; path = src/imgui/KevImGuiLog.cpp; sourceTree = "<group>"; };
		BA26ED4F156840C1E8C28B8F /* KevInput.h */ = {isa = PBXFileReference; lastKnownFileType = sourcecode.c.h; name = KevInput.h; path = src/core/KevInput.h; sourceTree = "<group>"; };
		BA8EAE30A57AD422ED609C70 /* vec2f.h */ = {isa = PBXFileReference; lastKnownFileType = sourcecode.c.h; name = vec2f.h; path = src/math/vec2f.h; sourceTree = "<group>"; };
		C55D32ABC8CE04DD4A3AA8EB /* test.h */ = {isa = PBXFileReference; lastKnownFileType = sourcecode.c.h; name = test.h; path = src/test.h; sourceTree = "<group>"; };
		C60EB6DB5B85760DCA21CD1B /* KevImGuiLog.h */ = {isa = PBXFileReference; lastKnownFileType = sourcecode.c.h; name = KevImGuiLog.h; path = src/imgui/KevImGuiLog.h; sourceTree = "<group>"; };
		C8278A1966088ACB3D86D059 /* TextureProgram.cpp */ = {isa = PBXFileReference; lastKnownFileType = sourcecode.cpp.cpp; name = TextureProgram.cpp; path = src/graphics/renderer/TextureProgram.cpp; sourceTree = "<group>"; };
		CA15E02B6BFF7C1D63268E6B /* IndexBuffer.h */ = {isa = PBXFileReference; lastKnownFileType = sourcecode.c.h; name = IndexBuffer.h; path = src/graphics/buffers/IndexBuffer.h; sourceTree = "<group>"; };
		CA80AE9BF2BB674DDA56F4DB /* FileIO.h */ = {isa = PBXFileReference; lastKnownFileType = sourcecode.c.h; name = FileIO.h; path = src/utils/FileIO.h; sourceTree = "<group>"; };
		CDE29C07423CE0F9C0206A47 /* FrameBuffer.cpp */ = {isa = PBXFileReference; lastKnownFileType = sourcecode.cpp.cpp; name = FrameBuffer.cpp; path = src/graphics/buffers/FrameBuffer.cpp; sourceTree = "<group>"; };
		D08D42F7AFAA5D298BB3B937 /* GLContext.cpp */ = {isa = PBXFileReference; lastKnownFileType = sourcecode.cpp.cpp; name = GLContext.cpp; path = src/graphics/renderer/GLContext.cpp; sourceTree = "<group>"; };
		D1C7116115DAE29309AC67A1 /* GLContext.h */ = {isa = PBXFileReference; lastKnownFileType = sourcecode.c.h; name = GLContext.h; path = src/graphics/renderer/GLContext.h; sourceTree = "<group>"; };
		D75CAA66B679C498928320A6 /* LayerStack.cpp */ = {isa = PBXFileReference; lastKnownFileType = sourcecode.cpp.cpp; name = LayerStack.cpp; path = src/graphics/layers/LayerStack.cpp; sourceTree = "<group>"; };
		D82248BBA6459C6D2D53EEFB /* ImGuiLayer.cpp */ = {isa = PBXFileReference; lastKnownFileType = sourcecode.cpp.cpp; name = ImGuiLayer.cpp; path = src/imgui/ImGuiLayer.cpp; sourceTree = "<group>"; };
		DA8413416D11DD33D5EA8181 /* Label.h */ = {isa = PBXFileReference; lastKnownFileType = sourcecode.c.h; name = Label.h; path = src/graphics/renderables/Label.h; sourceTree = "<group>"; };
		DBCB4A70D5314BE2C8CCA8B0 /* mat4.h */ = {isa = PBXFileReference; lastKnownFileType = sourcecode.c.h; name = mat4.h; path = src/math/mat4.h; sourceTree = "<group>"; };
		DC3A41D1D5FBFE430FFB0011 /* Window.cpp */ = {isa = PBXFileReference; lastKnownFileType = sourcecode.cpp.cpp; name = Window.cpp; path = src/graphics/Window.cpp; sourceTree = "<group>"; };
		E01462B5D10BD0A73D0F50F5 /* WindowsWindow.cpp */ = {isa = PBXFileReference; lastKnownFileType = sourcecode.cpp.cpp; name = WindowsWindow.cpp; path = src/platform/Windows/WindowsWindow.cpp; sourceTree = "<group>"; };
		E285DA9B26D4800D68FBB8DB /* Buffer.h */ = {isa = PBXFileReference; lastKnownFileType = sourcecode.c.h; name = Buffer.h; path = src/graphics/buffers/Buffer.h; sourceTree = "<group>"; };
		E3916AACDCF76C1ED092C8EC /* mat2.h */ = {isa = PBXFileReference; lastKnownFileType = sourcecode.c.h; name = mat2.h; path = src/math/mat2.h; sourceTree = "<group>"; };
		E8183BE518FC33D72C146A25 /* KeyEvent.h */ = {isa = PBXFileReference; lastKnownFileType = sourcecode.c.h; name = KeyEvent.h; path = src/events/KeyEvent.h; sourceTree = "<group>"; };
		E8593365597BD4570F4281A5 /* MouseEvent.h */ = {isa = PBXFileReference; lastKnownFileType = sourcecode.c.h; name = MouseEvent.h; path = src/events/MouseEvent.h; sourceTree = "<group>"; };
		E9265A215D809F13DB642861 /* IndexBuffer.cpp */ = {isa = PBXFileReference; lastKnownFileType = sourcecode.cpp.cpp; name = IndexBuffer.cpp; path = src/graphics/buffers/IndexBuffer.cpp; sourceTree = "<group>"; };
		EBFE5FAA1B902E9CF69D6DEA /* vec4f.cpp */ = {isa = PBXFileReference; lastKnownFileType = sourcecode.cpp.cpp; name = vec4f.cpp; path = src/math/vec4f.cpp; sourceTree = "<group>"; };
		EBFE79041B9047F6F69D8744 /* vec2u.cpp */ = {isa = PBXFileReference; lastKnownFileType = sourcecode.cpp.cpp; name = vec2u.cpp; path = src/math/vec2u.cpp; sourceTree = "<group>"; };
		EC00CF86E566D0F8D9022DC6 /* vec3.h */ = {isa = PBXFileReference; lastKnownFileType = sourcecode.c.h; name = vec3.h; path = src/math/vec3.h; sourceTree = "<group>"; };
		EE83B2F762DDF7E9E0C18137 /* VertexArray.cpp */ = {isa = PBXFileReference; lastKnownFileType = sourcecode.cpp.cpp; name = VertexArray.cpp; path = src/graphics/buffers/VertexArray.cpp; sourceTree = "<group>"; };
		F00662E363EEDA95863C8923 /* TextureProgram.h */ = {isa = PBXFileReference; lastKnownFileType = sourcecode.c.h; name = TextureProgram.h; path = src/graphics/renderer/TextureProgram.h; sourceTree = "<group>"; };
		F09653ACB54BAA1E69BA51EC /* FollowRenderableCamera.cpp */ = {isa = PBXFileReference; lastKnownFileType = sourcecode.cpp.cpp; name = FollowRenderableCamera.cpp; path = src/graphics/cameras/FollowRenderableCamera.cpp; sourceTree = "<group>"; };
		F1F4D635E5F41FA76ADF3475 /* Renderable2D.h */ = {isa = PBXFileReference; lastKnownFileType = sourcecode.c.h; name = Renderable2D.h; path = src/graphics/renderables/Renderable2D.h; sourceTree = "<group>"; };
		F2D167E1C0F4BB9348030E21 /* ImGuiBuild.cpp */ = {isa = PBXFileReference; lastKnownFileType = sourcecode.cpp.cpp; name = ImGuiBuild.cpp; path = src/imgui/ImGuiBuild.cpp; sourceTree = "<group>"; };
		F7CEBFFF3C1D65717E449E3F /* libglfw.a */ = {isa = PBXFileReference; lastKnownFileType = "wrapper.pb-project"; name = "glfw.xcodeproj"; path = ext/glfw/glfw.xcodeproj; sourceTree = SOURCE_ROOT; };
		FD2AE86F6A52F6E16BE5E6AF /* Sprite.h */ = {isa = PBXFileReference; lastKnownFileType = sourcecode.c.h; name = Sprite.h; path = src/graphics/renderables/Sprite.h; sourceTree = "<group>"; };
/* End PBXFileReference section */

/* Begin PBXFrameworksBuildPhase section */
		82E460952736FE47396F46D5 /* Frameworks */ = {
			isa = PBXFrameworksBuildPhase;
			buildActionMask = 2147483647;
			files = (
				713678D803C442CA6C9CE718 /* IOKit.framework in Frameworks */,
				840EA602F136B474F2C9A442 /* OpenGL.framework in Frameworks */,
				F8E8DBA28B76A594F44F49E2 /* Cocoa.framework in Frameworks */,
				9223EFD8340D8BCA2B349E18 /* CoreVideo.framework in Frameworks */,
				6DC41FE20BA52094E3236622 /* libglad.a in Frameworks */,
				FCA597C29A8698747204DE02 /* libglfw.a in Frameworks */,
				B1D09CEE64C6A6A0B5E9032E /* libimgui.a in Frameworks */,
				D4964B922FF67044723A11D2 /* libfreetype.a in Frameworks */,
			);
			runOnlyForDeploymentPostprocessing = 0;
		};
/* End PBXFrameworksBuildPhase section */

/* Begin PBXGroup section */
		0FD95B8AFBCA673C4E0201CA /* ext */ = {
			isa = PBXGroup;
			children = (
				30ADC3DE56D3F390BDDAEA1E /* stb_image */,
			);
			name = ext;
			sourceTree = "<group>";
		};
		1384C9092A97643B1AB35F49 /* platform */ = {
			isa = PBXGroup;
			children = (
				7F9E97736A8ABD65B27085B3 /* Linux */,
				74637AE9A3F549DB7F028929 /* Windows */,
			);
			name = platform;
			sourceTree = "<group>";
		};
		18568075BCA91E27CEE166B5 /* imgui */ = {
			isa = PBXGroup;
			children = (
				F2D167E1C0F4BB9348030E21 /* ImGuiBuild.cpp */,
				D82248BBA6459C6D2D53EEFB /* ImGuiLayer.cpp */,
				1BEE2F454DE779F7C7C6B585 /* ImGuiLayer.h */,
				B30F07F1975610231B433E31 /* KevImGuiLog.cpp */,
				C60EB6DB5B85760DCA21CD1B /* KevImGuiLog.h */,
			);
			name = imgui;
			sourceTree = "<group>";
		};
		30ADC3DE56D3F390BDDAEA1E /* stb_image */ = {
			isa = PBXGroup;
			children = (
				67E5743A4C2C7C6CD019AA7A /* stb_image.cpp */,
			);
			name = stb_image;
			sourceTree = "<group>";
		};
		4915F4EDA457485F77B1932D /* renderer */ = {
			isa = PBXGroup;
			children = (
				1D408091380CEF433BDD86D1 /* GL2DRenderer.h */,
				D08D42F7AFAA5D298BB3B937 /* GLContext.cpp */,
				D1C7116115DAE29309AC67A1 /* GLContext.h */,
				11CE10CD21B33CFF0E26C70D /* Kev2DRenderer.cpp */,
				79652177790804A9B35CB7B7 /* Kev2DRenderer.h */,
				3EB933454E9E5F773B11E985 /* ShaderProgram.cpp */,
				376736EF370A1A21715ECD2F /* ShaderProgram.h */,
				C8278A1966088ACB3D86D059 /* TextureProgram.cpp */,
				F00662E363EEDA95863C8923 /* TextureProgram.h */,
			);
			name = renderer;
			sourceTree = "<group>";
		};
		53DBA60DC4FE46FF7AC4F44D /* renderables */ = {
			isa = PBXGroup;
			children = (
				9B994377F2FEB669A50CD1B7 /* Label.cpp */,
				DA8413416D11DD33D5EA8181 /* Label.h */,
				1DDE04AB77DF1B9D3F2612EB /* PhysicsSprite.cpp */,
				ADFDCDF59EF53BE70AF8BC35 /* PhysicsSprite.h */,
				F1F4D635E5F41FA76ADF3475 /* Renderable2D.h */,
				769B89453D2980B7AB2BA785 /* Sprite.cpp */,
				FD2AE86F6A52F6E16BE5E6AF /* Sprite.h */,
			);
			name = renderables;
			sourceTree = "<group>";
		};
		5775D4184366DFCA959E7A58 /* src */ = {
			isa = PBXGroup;
			children = (
				BACE98115E1A214378EAEE51 /* core */,
				9BDBFEA99F4CD0DB20B974E9 /* events */,
				D90664E1F0190013E034FB21 /* graphics */,
				18568075BCA91E27CEE166B5 /* imgui */,
				A6E253934A2DDCC564FEA9D3 /* math */,
				1384C9092A97643B1AB35F49 /* platform */,
				C55D32ABC8CE04DD4A3AA8EB /* test.h */,
				CE90126172E2B013851AF8A1 /* utils */,
			);
			name = src;
			sourceTree = "<group>";
		};
		627645FFB903B071917CC43F /* layers */ = {
			isa = PBXGroup;
			children = (
				704D6DDA3E70C18CC57F141A /* Group.cpp */,
				9413F684C60D41363FEC7CC4 /* Group.h */,
				705180FA3E74D4ACC583273A /* Layer.cpp */,
				91F3DDA4C3ED28563DCC63E4 /* Layer.h */,
				D75CAA66B679C498928320A6 /* LayerStack.cpp */,
				2F2F11B07342E2E2671467F0 /* LayerStack.h */,
			);
			name = layers;
			sourceTree = "<group>";
		};
		6B9D2B999B2EFA8B763C39D9 /* buffers */ = {
			isa = PBXGroup;
			children = (
				4640FDB1B3690C23B4FBFBF1 /* Buffer.cpp */,
				E285DA9B26D4800D68FBB8DB /* Buffer.h */,
				CDE29C07423CE0F9C0206A47 /* FrameBuffer.cpp */,
				7CBEE7D11EA883C315CF9611 /* FrameBuffer.h */,
				E9265A215D809F13DB642861 /* IndexBuffer.cpp */,
				CA15E02B6BFF7C1D63268E6B /* IndexBuffer.h */,
				EE83B2F762DDF7E9E0C18137 /* VertexArray.cpp */,
				6D00C4C10EEA60B306117301 /* VertexArray.h */,
			);
			name = buffers;
			sourceTree = "<group>";
		};
		6BB6BD52651CBEC458B81B92 /* Products */ = {
			isa = PBXGroup;
			children = (
				BE9C242A815C849CDE91626A /* libglfw.a */,
			);
			name = Products;
			sourceTree = "<group>";
		};
		74637AE9A3F549DB7F028929 /* Windows */ = {
			isa = PBXGroup;
			children = (
				9FDA32A7AC64E5192749B0E7 /* HotSwapInterface.h */,
				E01462B5D10BD0A73D0F50F5 /* WindowsWindow.cpp */,
				5B2808BFCF824DB14D65D6FF /* WindowsWindow.h */,
			);
			name = Windows;
			sourceTree = "<group>";
		};
		7F9E97736A8ABD65B27085B3 /* Linux */ = {
			isa = PBXGroup;
			children = (
				A3492A6466098AD6C33E68A4 /* LinuxWindow.cpp */,
				6C4B50EE32D94860A0DB6F2E /* LinuxWindow.h */,
			);
			name = Linux;
			sourceTree = "<group>";
		};
		8AC5FD9A842BFF0C77C75BDA /* Products */ = {
			isa = PBXGroup;
			children = (
				4F5CBB4A121D1BBC6F51F98A /* libglad.a */,
			);
			name = Products;
			sourceTree = "<group>";
		};
		9BDBFEA99F4CD0DB20B974E9 /* events */ = {
			isa = PBXGroup;
			children = (
				7D89C9D3D4173445AC904813 /* Event.h */,
				319687EBA2B928DD587FD62B /* InputCodes.h */,
				E8183BE518FC33D72C146A25 /* KeyEvent.h */,
				E8593365597BD4570F4281A5 /* MouseEvent.h */,
				5F6E4F03A3BCF475E5E42D43 /* WindowEvent.h */,
			);
			name = events;
			sourceTree = "<group>";
		};
		9D968EAA920D05DCE0E0A4EA /* Projects */ = {
			isa = PBXGroup;
			children = (
				032557D74773FD49899B3617 /* glad.xcodeproj */,
				F7CEBFFF3C1D65717E449E3F /* glfw.xcodeproj */,
				9A47F7207E8EFF52027C2D60 /* imgui.xcodeproj */,
				0278F0DBC539514D226E2F1B /* freetype.xcodeproj */,
			);
			name = Projects;
			sourceTree = "<group>";
		};
		A5228F46FBAFF9B8D4290D86 /* Products */ = {
			isa = PBXGroup;
			children = (
				AC85C17A090CC5EC91AF7FBA /* libfreetype.a */,
			);
			name = Products;
			sourceTree = "<group>";
		};
		A6C936B49B3FADE6EA134CF4 /* Products */ = {
			isa = PBXGroup;
			children = (
				128D75A5B57B9C5744A17BE5 /* libEngine.a */,
			);
			name = Products;
			sourceTree = "<group>";
		};
		A6E253934A2DDCC564FEA9D3 /* math */ = {
			isa = PBXGroup;
			children = (
				617D7942B80AE3B49083F782 /* mat2.cpp */,
				E3916AACDCF76C1ED092C8EC /* mat2.h */,
				7A22D52EA9B4A42084C1E36E /* mat2f.cpp */,
				54EF72B83FDB98AA87C160F8 /* mat2f.h */,
				7DA91286D4367CF8ACAF90C6 /* mat4.cpp */,
				DBCB4A70D5314BE2C8CCA8B0 /* mat4.h */,
				4CF587327C87562457949572 /* mat4f.cpp */,
				32AB1B3C1D97412E657D097C /* mat4f.h */,
				11AC04580B1205CAFEAD6298 /* math.h */,
				822A2B3AD8B795ACB130A97A /* vec2.cpp */,
				6FE3DFA46949E1165CE53DE4 /* vec2.h */,
				192BADA648BD7C9823CABBE6 /* vec2f.cpp */,
				BA8EAE30A57AD422ED609C70 /* vec2f.h */,
				EBFE79041B9047F6F69D8744 /* vec2u.cpp */,
				61509A4E4C3CC0409422888E /* vec2u.h */,
				903FF7DCE6CD624EBF46761C /* vec3.cpp */,
				EC00CF86E566D0F8D9022DC6 /* vec3.h */,
				829506A8B226D59A8D3414E8 /* vec3f.cpp */,
				296C82721458A8645C3E70B2 /* vec3f.h */,
				9E55C47EF4E32EF0CD5C42BE /* vec4.cpp */,
				681DBF686183C0DA551F1DA8 /* vec4.h */,
				EBFE5FAA1B902E9CF69D6DEA /* vec4f.cpp */,
				984A56B483367CA6CB1C44F4 /* vec4f.h */,
			);
			name = math;
			sourceTree = "<group>";
		};
		BACE98115E1A214378EAEE51 /* core */ = {
			isa = PBXGroup;
			children = (
				0205C155FB6BC2C7EF071F95 /* Core.h */,
				6A08AC5B63CA68CD9DC96A9B /* EntryPoint.h */,
				7058AAB1E17B4BA39741F8F1 /* KevEngine.cpp */,
				9B3BC57BCC1FBD6DDF37F3BB /* KevEngine.h */,
				82F0D6A57CB29317B6B194E5 /* KevInput.cpp */,
				BA26ED4F156840C1E8C28B8F /* KevInput.h */,
			);
			name = core;
			sourceTree = "<group>";
		};
		BBF76781A7E87333FA200DC1 /* Frameworks */ = {
			isa = PBXGroup;
			children = (
				0BACC980CF188B320DBC2FC0 /* IOKit.framework */,
				19352E0A6698243CDCB7244A /* OpenGL.framework */,
				8D6BC6AA50D7885C8F7B2CEA /* Cocoa.framework */,
				606C44802E8F9832B59DEAC0 /* CoreVideo.framework */,
			);
			name = Frameworks;
			sourceTree = "<group>";
		};
		BD2FB27DE355E22F4A5CD8BD /* Products */ = {
			isa = PBXGroup;
			children = (
				3054A3F62453ED68A93F0236 /* libimgui.a */,
			);
			name = Products;
			sourceTree = "<group>";
		};
		C4C3B077F4557F69CF62BEB7 /* cameras */ = {
			isa = PBXGroup;
			children = (
				F09653ACB54BAA1E69BA51EC /* FollowRenderableCamera.cpp */,
				60275256F89F3FC824863096 /* FollowRenderableCamera.h */,
				01842E525E0B32C4E6ADEC92 /* OrthographicCamera.cpp */,
				A1602C3C8002C7AE34E4CA7C /* OrthographicCamera.h */,
				73CA8D1A35831E8CDC9DEB5A /* OrthographicCameraController.cpp */,
				7044EA44C75A92B6F3A32884 /* OrthographicCameraController.h */,
			);
			name = cameras;
			sourceTree = "<group>";
		};
		CE90126172E2B013851AF8A1 /* utils */ = {
			isa = PBXGroup;
			children = (
				9636001159A1C1C398456651 /* FileIO.cpp */,
				CA80AE9BF2BB674DDA56F4DB /* FileIO.h */,
				A2F583F9C4C1312B01765A39 /* Logging.h */,
				9240C02DDAB1A45F1F50766D /* Timer.h */,
				981172C72D8831F99C248907 /* commonTypes.h */,
			);
			name = utils;
			sourceTree = "<group>";
		};
		D90664E1F0190013E034FB21 /* graphics */ = {
			isa = PBXGroup;
			children = (
				4A338E85A199017753A71CC5 /* FontManager.cpp */,
				8A1B368F1CA900818581A4CF /* FontManager.h */,
				15ADD1BF06A53FB172A8BFFF /* RenderableManager.cpp */,
				640C87C9D866CCBB564A5609 /* RenderableManager.h */,
				06C0E8C5A8AA84B79FD19705 /* ShaderManager.cpp */,
				30DDC60F884339013A51544F /* ShaderManager.h */,
				1AF5A9F9DDB60A6B3AEAE839 /* TextureManager.cpp */,
				0762C863CDF0BFD53BF2E6A3 /* TextureManager.h */,
				DC3A41D1D5FBFE430FFB0011 /* Window.cpp */,
				A99B1A3B04DC6DADD836B87B /* Window.h */,
				6B9D2B999B2EFA8B763C39D9 /* buffers */,
				C4C3B077F4557F69CF62BEB7 /* cameras */,
				627645FFB903B071917CC43F /* layers */,
				53DBA60DC4FE46FF7AC4F44D /* renderables */,
				4915F4EDA457485F77B1932D /* renderer */,
			);
			name = graphics;
			sourceTree = "<group>";
		};
		EA9F3B76C84A3E289BEEC1B6 /* Engine */ = {
			isa = PBXGroup;
			children = (
				0FD95B8AFBCA673C4E0201CA /* ext */,
				5775D4184366DFCA959E7A58 /* src */,
				BBF76781A7E87333FA200DC1 /* Frameworks */,
				A6C936B49B3FADE6EA134CF4 /* Products */,
				9D968EAA920D05DCE0E0A4EA /* Projects */,
			);
			name = Engine;
			sourceTree = "<group>";
		};
/* End PBXGroup section */

/* Begin PBXNativeTarget section */
		38FAACEBAA85C55D5986EB2B /* Engine */ = {
			isa = PBXNativeTarget;
			buildConfigurationList = 711FA8F4157246A627AA8F34 /* Build configuration list for PBXNativeTarget "Engine" */;
			buildPhases = (
				F2CBE135971E7EE7A956C775 /* Resources */,
				5C78FA8C00CB983E1303E0CC /* Sources */,
				82E460952736FE47396F46D5 /* Frameworks */,
			);
			buildRules = (
			);
			dependencies = (
				787E3AA371E43C15657F98E3 /* PBXTargetDependency */,
				596EFA5B52D4FBCD4670589B /* PBXTargetDependency */,
				AAE7EF86D10E1F38381515C6 /* PBXTargetDependency */,
				92DACC4FE96836C1C1E14A8F /* PBXTargetDependency */,
			);
			name = Engine;
			productName = Engine;
			productReference = 128D75A5B57B9C5744A17BE5 /* libEngine.a */;
			productType = "com.apple.product-type.library.static";
		};
/* End PBXNativeTarget section */

/* Begin PBXProject section */
		08FB7793FE84155DC02AAC07 /* Project object */ = {
			isa = PBXProject;
			buildConfigurationList = 1DEB928908733DD80010E9CD /* Build configuration list for PBXProject "Engine" */;
			compatibilityVersion = "Xcode 3.2";
			hasScannedForEncodings = 1;
			mainGroup = EA9F3B76C84A3E289BEEC1B6 /* Engine */;
			projectDirPath = "";
			projectReferences = (
				{
					ProductGroup = 8AC5FD9A842BFF0C77C75BDA /* Products */;
					ProjectRef = 032557D74773FD49899B3617 /* glad.xcodeproj */;
				},
				{
					ProductGroup = 6BB6BD52651CBEC458B81B92 /* Products */;
					ProjectRef = F7CEBFFF3C1D65717E449E3F /* glfw.xcodeproj */;
				},
				{
					ProductGroup = BD2FB27DE355E22F4A5CD8BD /* Products */;
					ProjectRef = 9A47F7207E8EFF52027C2D60 /* imgui.xcodeproj */;
				},
				{
					ProductGroup = A5228F46FBAFF9B8D4290D86 /* Products */;
					ProjectRef = 0278F0DBC539514D226E2F1B /* freetype.xcodeproj */;
				},
			);
			projectRoot = "";
			targets = (
				38FAACEBAA85C55D5986EB2B /* libEngine.a */,
			);
		};
/* End PBXProject section */

/* Begin PBXReferenceProxy section */
		3054A3F62453ED68A93F0236 /* libimgui.a */ = {
			isa = PBXReferenceProxy;
			fileType = archive.ar;
			path = libimgui.a;
			remoteRef = B4A4CCDD9F90F2CFE776BB1D /* PBXContainerItemProxy */;
			sourceTree = BUILT_PRODUCTS_DIR;
		};
		4F5CBB4A121D1BBC6F51F98A /* libglad.a */ = {
			isa = PBXReferenceProxy;
			fileType = archive.ar;
			path = libglad.a;
			remoteRef = 35047B9A5B2AAB4CC231A1DA /* PBXContainerItemProxy */;
			sourceTree = BUILT_PRODUCTS_DIR;
		};
		AC85C17A090CC5EC91AF7FBA /* libfreetype.a */ = {
			isa = PBXReferenceProxy;
			fileType = archive.ar;
			path = libfreetype.a;
			remoteRef = 9AF342C6C32DFB78AAC98906 /* PBXContainerItemProxy */;
			sourceTree = BUILT_PRODUCTS_DIR;
		};
		BE9C242A815C849CDE91626A /* libglfw.a */ = {
			isa = PBXReferenceProxy;
			fileType = archive.ar;
			path = libglfw.a;
			remoteRef = 340D32525A336204C13A5892 /* PBXContainerItemProxy */;
			sourceTree = BUILT_PRODUCTS_DIR;
		};
/* End PBXReferenceProxy section */

/* Begin PBXResourcesBuildPhase section */
		F2CBE135971E7EE7A956C775 /* Resources */ = {
			isa = PBXResourcesBuildPhase;
			buildActionMask = 2147483647;
			files = (
			);
			runOnlyForDeploymentPostprocessing = 0;
		};
/* End PBXResourcesBuildPhase section */

/* Begin PBXSourcesBuildPhase section */
		5C78FA8C00CB983E1303E0CC /* Sources */ = {
			isa = PBXSourcesBuildPhase;
			buildActionMask = 2147483647;
			files = (
				99B54F925C75B004B9AA8DD2 /* stb_image.cpp in Sources */,
				48880A298C9BDB5B806D6069 /* KevEngine.cpp in Sources */,
				5A03FC5D6C2DD90FA01EC29D /* KevInput.cpp in Sources */,
				1CEA44BD1C8D27EF56E1DAFD /* FontManager.cpp in Sources */,
				92445697DAE394C9FE0F4CD7 /* RenderableManager.cpp in Sources */,
				6DAE08FD7D93352F6A06BF3D /* ShaderManager.cpp in Sources */,
				27CBF671C5ACF7239D2B3CB1 /* TextureManager.cpp in Sources */,
				270B07C93934E47B6D25CE09 /* Window.cpp in Sources */,
				B77015E9D23C849BD60D1C29 /* Buffer.cpp in Sources */,
				CAFCEB9F6520E0D11546C1DF /* FrameBuffer.cpp in Sources */,
				8FE878592A0C6D8BDA324E99 /* IndexBuffer.cpp in Sources */,
				EA47E98F846BDEC13491BFCF /* VertexArray.cpp in Sources */,
				2B710CA4653BC3561A9712E4 /* FollowRenderableCamera.cpp in Sources */,
				89339AAAE493BF5C26D760EA /* OrthographicCamera.cpp in Sources */,
				70ADC7F26A4E19A45ACF2E32 /* OrthographicCameraController.cpp in Sources */,
				A099AD724283496439AA5BB2 /* Group.cpp in Sources */,
				B647A29258313E844F5850D2 /* Layer.cpp in Sources */,
				40EA07BE4D74BA30C85985FE /* LayerStack.cpp in Sources */,
				F8EAA36FF88D86A132E239AF /* Label.cpp in Sources */,
				137261E3F9096915BC4E7823 /* PhysicsSprite.cpp in Sources */,
				C4F8421D38E0B9CF5B2E685D /* Sprite.cpp in Sources */,
				1BDFF8EF286AAB61A34F772F /* GLContext.cpp in Sources */,
				34AE6D259135719719D82B65 /* Kev2DRenderer.cpp in Sources */,
				78E79B1DD56E9F8F5E11595D /* ShaderProgram.cpp in Sources */,
				B7A5FA3151FFE3238E384871 /* TextureProgram.cpp in Sources */,
				C3D1123965BAAE2B5CE1C079 /* ImGuiBuild.cpp in Sources */,
				1AB8D5B3BCA271A5B3C983F3 /* ImGuiLayer.cpp in Sources */,
				908A5C49534ABCBBB07F9A89 /* KevImGuiLog.cpp in Sources */,
				1DF464BA4FEDAF6CC9CCEAFA /* mat2.cpp in Sources */,
				CDBB02666331C198D1CE18A6 /* mat2f.cpp in Sources */,
				8AD7483EBCD092F036AFCE7E /* mat4.cpp in Sources */,
				FC408EAA91B74DDC0053A4EA /* mat4f.cpp in Sources */,
				36718A32686AD4E4E24A1072 /* vec2.cpp in Sources */,
				9A7F2E5E2FF5ED909E92449E /* vec2f.cpp in Sources */,
				7686429C0BFD01CE7A9958DC /* vec2u.cpp in Sources */,
				6CE2FBF49EDC46A618BB8234 /* vec3.cpp in Sources */,
				B1C1F4804738B3B2B5D50AC0 /* vec3f.cpp in Sources */,
				A3546DB6D54DB8684F2CF3F6 /* vec4.cpp in Sources */,
				C904BAA25E7B79D4CD17D0E2 /* vec4f.cpp in Sources */,
				A675E75C4456E80E1BD52D9C /* LinuxWindow.cpp in Sources */,
				6288B20DAB27F03FCE53A84D /* WindowsWindow.cpp in Sources */,
				6F8A01090217CAFB6AF06F49 /* FileIO.cpp in Sources */,
			);
			runOnlyForDeploymentPostprocessing = 0;
		};
/* End PBXSourcesBuildPhase section */

/* Begin PBXTargetDependency section */
		596EFA5B52D4FBCD4670589B /* PBXTargetDependency */ = {
			isa = PBXTargetDependency;
			name = libglfw.a;
			targetProxy = 8647A4EBAC6DD49D1374CB2B /* PBXContainerItemProxy */;
		};
		787E3AA371E43C15657F98E3 /* PBXTargetDependency */ = {
			isa = PBXTargetDependency;
			name = libglad.a;
			targetProxy = 873EEE33AD651DE5146C1473 /* PBXContainerItemProxy */;
		};
		92DACC4FE96836C1C1E14A8F /* PBXTargetDependency */ = {
			isa = PBXTargetDependency;
			name = libfreetype.a;
			targetProxy = ED2DB55F15686E11FD03FB9F /* PBXContainerItemProxy */;
		};
		AAE7EF86D10E1F38381515C6 /* PBXTargetDependency */ = {
			isa = PBXTargetDependency;
			name = libimgui.a;
			targetProxy = 06DF3F76F1CB656839B12DB6 /* PBXContainerItemProxy */;
		};
/* End PBXTargetDependency section */

/* Begin PBXVariantGroup section */
/* End PBXVariantGroup section */

/* Begin XCBuildConfiguration section */
		3895103F4551BFB1BA3C2E7F /* Release */ = {
			isa = XCBuildConfiguration;
			buildSettings = {
				ARCHS = "$(NATIVE_ARCH_ACTUAL)";
				CLANG_CXX_LANGUAGE_STANDARD = "c++14";
				CONFIGURATION_BUILD_DIR = "$(SYMROOT)";
				CONFIGURATION_TEMP_DIR = "$(OBJROOT)";
				GCC_OPTIMIZATION_LEVEL = 3;
				GCC_PREPROCESSOR_DEFINITIONS = (
					_CRT_SECURE_NO_WARNINGS,
					FT2_BUILD_LIBRARY,
					KEV_RELEASE,
				);
				GCC_SYMBOLS_PRIVATE_EXTERN = NO;
				GCC_WARN_ABOUT_RETURN_TYPE = YES;
				GCC_WARN_UNUSED_VARIABLE = YES;
				HEADER_SEARCH_PATHS = (
					src,
					include,
					ext/glfw/include,
					ext/glad/include,
					ext/imgui,
					ext/freetype/include,
					"$(inherited)",
				);
				OBJROOT = "bin-int/Release/macosx/Engine";
				ONLY_ACTIVE_ARCH = NO;
				SYMROOT = bin/Release/macosx/Engine;
			};
			name = Release;
		};
		50EDF0C5A3741BB775B87F05 /* Debug */ = {
			isa = XCBuildConfiguration;
			buildSettings = {
				ARCHS = "$(NATIVE_ARCH_ACTUAL)";
				CLANG_CXX_LANGUAGE_STANDARD = "c++14";
				CONFIGURATION_BUILD_DIR = "$(SYMROOT)";
				CONFIGURATION_TEMP_DIR = "$(OBJROOT)";
				COPY_PHASE_STRIP = NO;
				GCC_ENABLE_FIX_AND_CONTINUE = YES;
				GCC_OPTIMIZATION_LEVEL = 0;
				GCC_PREPROCESSOR_DEFINITIONS = (
					_CRT_SECURE_NO_WARNINGS,
					FT2_BUILD_LIBRARY,
					KEV_DEBUG,
				);
				GCC_SYMBOLS_PRIVATE_EXTERN = NO;
				GCC_WARN_ABOUT_RETURN_TYPE = YES;
				GCC_WARN_UNUSED_VARIABLE = YES;
				HEADER_SEARCH_PATHS = (
					src,
					include,
					ext/glfw/include,
					ext/glad/include,
					ext/imgui,
					ext/freetype/include,
					"$(inherited)",
				);
				OBJROOT = "bin-int/Debug/macosx/Engine";
				ONLY_ACTIVE_ARCH = YES;
				SYMROOT = bin/Debug/macosx/Engine;
			};
			name = Debug;
		};
		6434CBBA8C6F846C740B11FA /* Debug */ = {
			isa = XCBuildConfiguration;
			buildSettings = {
				ALWAYS_SEARCH_USER_PATHS = NO;
				CONFIGURATION_BUILD_DIR = bin/Debug/macosx/Engine;
				DEBUG_INFORMATION_FORMAT = "dwarf-with-dsym";
				GCC_DYNAMIC_NO_PIC = NO;
				INSTALL_PATH = /usr/local/lib;
				MACOSX_DEPLOYMENT_TARGET = latest;
				PRODUCT_NAME = Engine;
			};
			name = Debug;
		};
		8B59BD34AD256A66E9DA9374 /* Release */ = {
			isa = XCBuildConfiguration;
			buildSettings = {
				ALWAYS_SEARCH_USER_PATHS = NO;
				CONFIGURATION_BUILD_DIR = bin/Release/macosx/Engine;
				DEBUG_INFORMATION_FORMAT = "dwarf-with-dsym";
				GCC_DYNAMIC_NO_PIC = NO;
				INSTALL_PATH = /usr/local/lib;
				MACOSX_DEPLOYMENT_TARGET = latest;
				PRODUCT_NAME = Engine;
			};
			name = Release;
		};
/* End XCBuildConfiguration section */

/* Begin XCConfigurationList section */
		1DEB928908733DD80010E9CD /* Build configuration list for PBXProject "Engine" */ = {
			isa = XCConfigurationList;
			buildConfigurations = (
				50EDF0C5A3741BB775B87F05 /* Debug */,
				3895103F4551BFB1BA3C2E7F /* Release */,
			);
			defaultConfigurationIsVisible = 0;
			defaultConfigurationName = Debug;
		};
		711FA8F4157246A627AA8F34 /* Build configuration list for PBXNativeTarget "libEngine.a" */ = {
			isa = XCConfigurationList;
			buildConfigurations = (
				6434CBBA8C6F846C740B11FA /* Debug */,
				8B59BD34AD256A66E9DA9374 /* Release */,
			);
			defaultConfigurationIsVisible = 0;
			defaultConfigurationName = Debug;
		};
/* End XCConfigurationList section */
};
rootObject = 08FB7793FE84155DC02AAC07 /* Project object */;
}